// !$*UTF8*$!
{
	archiveVersion = 1;
	classes = {
	};
	objectVersion = 46;
	objects = {

/* Begin PBXBuildFile section */
		447B594FF8534C92B694C90C /* libPods.a in Frameworks */ = {isa = PBXBuildFile; fileRef = 3ECA1A66F9EB4AE3A23B64CB /* libPods.a */; };
		A8054ED6196DB6E8004CC80A /* Foundation.framework in Frameworks */ = {isa = PBXBuildFile; fileRef = ABFF4BE71966A579000C7128 /* Foundation.framework */; };
		A8054EE0196DB6E8004CC80A /* main.m in Sources */ = {isa = PBXBuildFile; fileRef = A8054EDF196DB6E8004CC80A /* main.m */; };
		A80D3E7619855DE100F5CF2A /* GMMemoryAccessObject.h in Headers */ = {isa = PBXBuildFile; fileRef = A80D3E7419855DE100F5CF2A /* GMMemoryAccessObject.h */; };
		A80D3E7719855DE100F5CF2A /* GMMemoryAccessObject.m in Sources */ = {isa = PBXBuildFile; fileRef = A80D3E7519855DE100F5CF2A /* GMMemoryAccessObject.m */; };
		A80D3E7819855DE100F5CF2A /* GMMemoryAccessObject.m in Sources */ = {isa = PBXBuildFile; fileRef = A80D3E7519855DE100F5CF2A /* GMMemoryAccessObject.m */; };
		A810E661197ABA6800757554 /* GMModifyViewController.m in Sources */ = {isa = PBXBuildFile; fileRef = A810E660197ABA6800757554 /* GMModifyViewController.m */; };
		A810E664197AC43B00757554 /* TextFieldTableViewCell.m in Sources */ = {isa = PBXBuildFile; fileRef = A810E663197AC43B00757554 /* TextFieldTableViewCell.m */; };
		A810E66C197AD97F00757554 /* PickerInputTableViewCell.m in Sources */ = {isa = PBXBuildFile; fileRef = A810E669197AD97F00757554 /* PickerInputTableViewCell.m */; };
		A810E66D197AD97F00757554 /* SimplePickerInputTableViewCell.m in Sources */ = {isa = PBXBuildFile; fileRef = A810E66B197AD97F00757554 /* SimplePickerInputTableViewCell.m */; };
		A81CD69419950C8C00B02034 /* M9BackgroundView.m in Sources */ = {isa = PBXBuildFile; fileRef = A81CD67719950C8C00B02034 /* M9BackgroundView.m */; };
		A81CD69619950C8C00B02034 /* NSInvocation+.m in Sources */ = {isa = PBXBuildFile; fileRef = A81CD67A19950C8C00B02034 /* NSInvocation+.m */; };
		A81CD69719950C8C00B02034 /* TKActionSheet.m in Sources */ = {isa = PBXBuildFile; fileRef = A81CD67C19950C8C00B02034 /* TKActionSheet.m */; };
		A81CD69819950C8C00B02034 /* TKActionSheetOverlayWindow.m in Sources */ = {isa = PBXBuildFile; fileRef = A81CD67E19950C8C00B02034 /* TKActionSheetOverlayWindow.m */; };
		A81CD69919950C8C00B02034 /* TKAlertManager.m in Sources */ = {isa = PBXBuildFile; fileRef = A81CD68019950C8C00B02034 /* TKAlertManager.m */; };
		A81CD69A19950C8C00B02034 /* TKAlertOverlayWindow.m in Sources */ = {isa = PBXBuildFile; fileRef = A81CD68219950C8C00B02034 /* TKAlertOverlayWindow.m */; };
		A81CD69B19950C8C00B02034 /* TKAlertView.m in Sources */ = {isa = PBXBuildFile; fileRef = A81CD68419950C8C00B02034 /* TKAlertView.m */; };
		A81CD69C19950C8C00B02034 /* TKOverlayWindow.m in Sources */ = {isa = PBXBuildFile; fileRef = A81CD68619950C8C00B02034 /* TKOverlayWindow.m */; };
		A81CD69D19950C8C00B02034 /* UIImageExtend.m in Sources */ = {isa = PBXBuildFile; fileRef = A81CD68819950C8C00B02034 /* UIImageExtend.m */; };
		A81CD69E19950C8C00B02034 /* UIViewAdditions.m in Sources */ = {isa = PBXBuildFile; fileRef = A81CD68A19950C8C00B02034 /* UIViewAdditions.m */; };
		A81E809B197D5FE500D3DF5E /* MAZeroingWeakRef.m in Sources */ = {isa = PBXBuildFile; fileRef = A81E809A197D5FE500D3DF5E /* MAZeroingWeakRef.m */; };
		A81E809C197D600700D3DF5E /* MAZeroingWeakRef.m in Sources */ = {isa = PBXBuildFile; fileRef = A81E809A197D5FE500D3DF5E /* MAZeroingWeakRef.m */; };
		A81E809E197D601100D3DF5E /* MAZeroingWeakRefNativeZWRNotAllowedTable.h in Headers */ = {isa = PBXBuildFile; fileRef = A81E809D197D601100D3DF5E /* MAZeroingWeakRefNativeZWRNotAllowedTable.h */; };
		A820822E197FE7210081CF58 /* libapplist.dylib in Frameworks */ = {isa = PBXBuildFile; fileRef = A820822C197FE7210081CF58 /* libapplist.dylib */; };
		A82B4425197BBD260098A6D4 /* GMKeyboard.m in Sources */ = {isa = PBXBuildFile; fileRef = A82B4424197BBD260098A6D4 /* GMKeyboard.m */; };
		A82B4428197BBE5C0098A6D4 /* UIView+Sizes.m in Sources */ = {isa = PBXBuildFile; fileRef = A82B4427197BBE5C0098A6D4 /* UIView+Sizes.m */; };
		A82B442B197BD4A60098A6D4 /* GMGridLinesTexturedView.m in Sources */ = {isa = PBXBuildFile; fileRef = A82B442A197BD4A60098A6D4 /* GMGridLinesTexturedView.m */; };
		A83653551997C04800147B72 /* libapplist.dylib in Frameworks */ = {isa = PBXBuildFile; fileRef = A86FD14E1975858500765F99 /* libapplist.dylib */; };
		A836537C1997D7F300147B72 /* Foundation.framework in Frameworks */ = {isa = PBXBuildFile; fileRef = ABFF4BE71966A579000C7128 /* Foundation.framework */; };
		A83653871997D7F300147B72 /* imemTweak.mm in Sources */ = {isa = PBXBuildFile; fileRef = A83653861997D7F300147B72 /* imemTweak.mm */; };
		A83653991997D96500147B72 /* libsubstrate.dylib in Frameworks */ = {isa = PBXBuildFile; fileRef = A83653981997D96500147B72 /* libsubstrate.dylib */; };
		A836539D1997DAC200147B72 /* testTweak.m in Sources */ = {isa = PBXBuildFile; fileRef = A836539C1997DAC200147B72 /* testTweak.m */; };
		A83653A5199655EF00322899 /* LightMessaging.m in Sources */ = {isa = PBXBuildFile; fileRef = A8DAE417199615FC00B2010A /* LightMessaging.m */; };
		A839D2D7196C2B2400E8E9F4 /* entitlements.plist in Resources */ = {isa = PBXBuildFile; fileRef = A839D2D6196C2B2400E8E9F4 /* entitlements.plist */; };
		A86BC8881986863D000A417A /* GMAssociateViewController.m in Sources */ = {isa = PBXBuildFile; fileRef = A86BC8871986863D000A417A /* GMAssociateViewController.m */; };
		A86FD1431975680000765F99 /* GMMemManager.h in Headers */ = {isa = PBXBuildFile; fileRef = A86FD1411975680000765F99 /* GMMemManager.h */; };
		A86FD1441975680000765F99 /* GMMemManager.m in Sources */ = {isa = PBXBuildFile; fileRef = A86FD1421975680000765F99 /* GMMemManager.m */; };
		A86FD14519756D8200765F99 /* librocketbootstrap.dylib in Frameworks */ = {isa = PBXBuildFile; fileRef = A8EFBFE61972D30D002E4A9B /* librocketbootstrap.dylib */; };
		A86FD14B1975838900765F99 /* GMApplicationTableDataSource.m in Sources */ = {isa = PBXBuildFile; fileRef = A86FD14A1975838900765F99 /* GMApplicationTableDataSource.m */; };
		A86FD14D1975839400765F99 /* GMApplicationTableDataSource.h in Headers */ = {isa = PBXBuildFile; fileRef = A86FD14C1975839400765F99 /* GMApplicationTableDataSource.h */; };
		A86FD14F1975858500765F99 /* libapplist.dylib in Frameworks */ = {isa = PBXBuildFile; fileRef = A86FD14E1975858500765F99 /* libapplist.dylib */; };
		A86FD1521976BD9200765F99 /* GMMemManagerProxy.m in Sources */ = {isa = PBXBuildFile; fileRef = A86FD1511976BD9200765F99 /* GMMemManagerProxy.m */; };
		A874478C19849CEC00A9544D /* GMLockThread.h in Headers */ = {isa = PBXBuildFile; fileRef = A874478A19849CEC00A9544D /* GMLockThread.h */; };
		A874478D19849CEC00A9544D /* GMLockThread.m in Sources */ = {isa = PBXBuildFile; fileRef = A874478B19849CEC00A9544D /* GMLockThread.m */; };
		A87447941984B08F00A9544D /* GMStorageManager.h in Headers */ = {isa = PBXBuildFile; fileRef = A87447921984B08F00A9544D /* GMStorageManager.h */; };
		A87447951984B08F00A9544D /* GMStorageManager.m in Sources */ = {isa = PBXBuildFile; fileRef = A87447931984B08F00A9544D /* GMStorageManager.m */; };
		A879A12E199E3E7C00A79D85 /* DynamicArray.h in Headers */ = {isa = PBXBuildFile; fileRef = A879A12D199E3E7C00A79D85 /* DynamicArray.h */; };
		A879A131199E3E8900A79D85 /* IntArray.c in Sources */ = {isa = PBXBuildFile; fileRef = A879A12F199E3E8900A79D85 /* IntArray.c */; };
		A879A132199E3E8900A79D85 /* IntArray.h in Headers */ = {isa = PBXBuildFile; fileRef = A879A130199E3E8900A79D85 /* IntArray.h */; };
		A8A7416919680E6400131416 /* GMMainViewController.m in Sources */ = {isa = PBXBuildFile; fileRef = A8A7416819680E6400131416 /* GMMainViewController.m */; };
		A8A7416F1968105C00131416 /* GMSelectAppViewController.m in Sources */ = {isa = PBXBuildFile; fileRef = A8A7416E1968105C00131416 /* GMSelectAppViewController.m */; };
		A8BDC4221987DA2F00592935 /* LightMessaging.h in Headers */ = {isa = PBXBuildFile; fileRef = A8BDC4211987DA2F00592935 /* LightMessaging.h */; };
		A8D9058C197BE6F4001F22FF /* KeyboardNumericBackspace@2x.png in Resources */ = {isa = PBXBuildFile; fileRef = A8D9058B197BE6F4001F22FF /* KeyboardNumericBackspace@2x.png */; };
		A8D9058F197BF4CE001F22FF /* GMStorageViewController.m in Sources */ = {isa = PBXBuildFile; fileRef = A8D9058E197BF4CE001F22FF /* GMStorageViewController.m */; };
		A8DAE3A519953E6900B2010A /* TKTextFieldAlertView.m in Sources */ = {isa = PBXBuildFile; fileRef = A8DAE3A419953E6900B2010A /* TKTextFieldAlertView.m */; };
		A8DAE3B919960BD100B2010A /* ConfigOptions.plist in Resources */ = {isa = PBXBuildFile; fileRef = A8DAE3B819960BD100B2010A /* ConfigOptions.plist */; };
		A8DAE3E71996130800B2010A /* GMSettingViewController.m in Sources */ = {isa = PBXBuildFile; fileRef = A8DAE3E61996130800B2010A /* GMSettingViewController.m */; };
		A8DAE4091996132E00B2010A /* IASKAppSettingsViewController.m in Sources */ = {isa = PBXBuildFile; fileRef = A8DAE3EB1996132E00B2010A /* IASKAppSettingsViewController.m */; settings = {COMPILER_FLAGS = "-fobjc-arc"; }; };
		A8DAE40A1996132E00B2010A /* IASKAppSettingsWebViewController.m in Sources */ = {isa = PBXBuildFile; fileRef = A8DAE3ED1996132E00B2010A /* IASKAppSettingsWebViewController.m */; settings = {COMPILER_FLAGS = "-fobjc-arc"; }; };
		A8DAE40B1996132E00B2010A /* IASKSpecifierValuesViewController.m in Sources */ = {isa = PBXBuildFile; fileRef = A8DAE3EF1996132E00B2010A /* IASKSpecifierValuesViewController.m */; settings = {COMPILER_FLAGS = "-fobjc-arc"; }; };
		A8DAE40C1996132E00B2010A /* IASKSettingsReader.m in Sources */ = {isa = PBXBuildFile; fileRef = A8DAE3F31996132E00B2010A /* IASKSettingsReader.m */; settings = {COMPILER_FLAGS = "-fobjc-arc"; }; };
		A8DAE40D1996132E00B2010A /* IASKSettingsStore.m in Sources */ = {isa = PBXBuildFile; fileRef = A8DAE3F51996132E00B2010A /* IASKSettingsStore.m */; settings = {COMPILER_FLAGS = "-fobjc-arc"; }; };
		A8DAE40E1996132E00B2010A /* IASKSettingsStoreFile.m in Sources */ = {isa = PBXBuildFile; fileRef = A8DAE3F71996132E00B2010A /* IASKSettingsStoreFile.m */; settings = {COMPILER_FLAGS = "-fobjc-arc"; }; };
		A8DAE40F1996132E00B2010A /* IASKSettingsStoreUserDefaults.m in Sources */ = {isa = PBXBuildFile; fileRef = A8DAE3F91996132E00B2010A /* IASKSettingsStoreUserDefaults.m */; settings = {COMPILER_FLAGS = "-fobjc-arc"; }; };
		A8DAE4101996132E00B2010A /* IASKSpecifier.m in Sources */ = {isa = PBXBuildFile; fileRef = A8DAE3FB1996132E00B2010A /* IASKSpecifier.m */; settings = {COMPILER_FLAGS = "-fobjc-arc"; }; };
		A8DAE4111996132E00B2010A /* IASKPSSliderSpecifierViewCell.m in Sources */ = {isa = PBXBuildFile; fileRef = A8DAE3FE1996132E00B2010A /* IASKPSSliderSpecifierViewCell.m */; settings = {COMPILER_FLAGS = "-fobjc-arc"; }; };
		A8DAE4121996132E00B2010A /* IASKPSTextFieldSpecifierViewCell.m in Sources */ = {isa = PBXBuildFile; fileRef = A8DAE4001996132E00B2010A /* IASKPSTextFieldSpecifierViewCell.m */; settings = {COMPILER_FLAGS = "-fobjc-arc"; }; };
		A8DAE4131996132E00B2010A /* IASKPSTitleValueSpecifierViewCell.m in Sources */ = {isa = PBXBuildFile; fileRef = A8DAE4021996132E00B2010A /* IASKPSTitleValueSpecifierViewCell.m */; settings = {COMPILER_FLAGS = "-fobjc-arc"; }; };
		A8DAE4141996132E00B2010A /* IASKSlider.m in Sources */ = {isa = PBXBuildFile; fileRef = A8DAE4041996132E00B2010A /* IASKSlider.m */; settings = {COMPILER_FLAGS = "-fobjc-arc"; }; };
		A8DAE4151996132E00B2010A /* IASKSwitch.m in Sources */ = {isa = PBXBuildFile; fileRef = A8DAE4061996132E00B2010A /* IASKSwitch.m */; settings = {COMPILER_FLAGS = "-fobjc-arc"; }; };
		A8DAE4161996132E00B2010A /* IASKTextField.m in Sources */ = {isa = PBXBuildFile; fileRef = A8DAE4081996132E00B2010A /* IASKTextField.m */; settings = {COMPILER_FLAGS = "-fobjc-arc"; }; };
		A8DAE418199615FC00B2010A /* LightMessaging.m in Sources */ = {isa = PBXBuildFile; fileRef = A8DAE417199615FC00B2010A /* LightMessaging.m */; };
		A8DAE41A19961A2B00B2010A /* Settings.bundle in Resources */ = {isa = PBXBuildFile; fileRef = A8DAE41919961A2B00B2010A /* Settings.bundle */; };
		A8DAE41C1996398800B2010A /* libMobClickLibrary.a in Frameworks */ = {isa = PBXBuildFile; fileRef = A8DAE41B1996398800B2010A /* libMobClickLibrary.a */; };
		A8DAE41E19963F9C00B2010A /* libz.dylib in Frameworks */ = {isa = PBXBuildFile; fileRef = A8DAE41D19963F9C00B2010A /* libz.dylib */; };
		A8E3AB9A1983C0C800B6E4E6 /* GMSelectAppButton.m in Sources */ = {isa = PBXBuildFile; fileRef = A8E3AB991983C0C800B6E4E6 /* GMSelectAppButton.m */; };
		A8E3AB9D1983E5E400B6E4E6 /* UIColor+iOS7Colors.m in Sources */ = {isa = PBXBuildFile; fileRef = A8E3AB9C1983E5E400B6E4E6 /* UIColor+iOS7Colors.m */; };
		A8ED6904198E805A000DDD3F /* NSObject+Swizzle.m in Sources */ = {isa = PBXBuildFile; fileRef = A8ED68F1198E805A000DDD3F /* NSObject+Swizzle.m */; };
		A8ED6905198E805A000DDD3F /* TKFlowLayout.m in Sources */ = {isa = PBXBuildFile; fileRef = A8ED68F3198E805A000DDD3F /* TKFlowLayout.m */; };
		A8ED6906198E805A000DDD3F /* TKGridLayout.m in Sources */ = {isa = PBXBuildFile; fileRef = A8ED68F5198E805A000DDD3F /* TKGridLayout.m */; };
		A8ED6907198E805A000DDD3F /* TKGridLinesTexturedView.m in Sources */ = {isa = PBXBuildFile; fileRef = A8ED68F7198E805A000DDD3F /* TKGridLinesTexturedView.m */; };
		A8ED6908198E805A000DDD3F /* TKKeyboard.m in Sources */ = {isa = PBXBuildFile; fileRef = A8ED68F9198E805A000DDD3F /* TKKeyboard.m */; };
		A8ED6909198E805A000DDD3F /* TKKeyboardConfiguration.m in Sources */ = {isa = PBXBuildFile; fileRef = A8ED68FB198E805A000DDD3F /* TKKeyboardConfiguration.m */; };
		A8ED690A198E805A000DDD3F /* TKKeyboardManager.m in Sources */ = {isa = PBXBuildFile; fileRef = A8ED68FD198E805A000DDD3F /* TKKeyboardManager.m */; };
		A8ED690B198E805A000DDD3F /* TKKeyButton.m in Sources */ = {isa = PBXBuildFile; fileRef = A8ED68FF198E805A000DDD3F /* TKKeyButton.m */; };
		A8ED690C198E805A000DDD3F /* TKKeyItem.m in Sources */ = {isa = PBXBuildFile; fileRef = A8ED6901198E805A000DDD3F /* TKKeyItem.m */; };
		A8EFBFE71972D30D002E4A9B /* librocketbootstrap.dylib in Frameworks */ = {isa = PBXBuildFile; fileRef = A8EFBFE61972D30D002E4A9B /* librocketbootstrap.dylib */; };
		AB92CFB519866DA700695460 /* SearchDisplayController.m in Sources */ = {isa = PBXBuildFile; fileRef = AB92CFB419866DA700695460 /* SearchDisplayController.m */; };
		AB967DE0199B14870086395F /* GMPersistentStoreController.h in Headers */ = {isa = PBXBuildFile; fileRef = AB967DDE199B14870086395F /* GMPersistentStoreController.h */; };
		AB967DE1199B14870086395F /* GMPersistentStoreController.m in Sources */ = {isa = PBXBuildFile; fileRef = AB967DDF199B14870086395F /* GMPersistentStoreController.m */; };
		ABAE6B011999C97800A10BF8 /* time.m in Sources */ = {isa = PBXBuildFile; fileRef = ABAE6B001999C97800A10BF8 /* time.m */; };
		ABE39F93197FCBB0002E7678 /* darwin_memory_usage.c in Sources */ = {isa = PBXBuildFile; fileRef = ABE39F92197FCBB0002E7678 /* darwin_memory_usage.c */; };
		ABE39FD7197FCCAE002E7678 /* shared_region.h in Headers */ = {isa = PBXBuildFile; fileRef = ABE39FD6197FCCAE002E7678 /* shared_region.h */; };
		ABFF4BE81966A579000C7128 /* Foundation.framework in Frameworks */ = {isa = PBXBuildFile; fileRef = ABFF4BE71966A579000C7128 /* Foundation.framework */; };
		ABFF4BEA1966A579000C7128 /* CoreGraphics.framework in Frameworks */ = {isa = PBXBuildFile; fileRef = ABFF4BE91966A579000C7128 /* CoreGraphics.framework */; };
		ABFF4BEC1966A579000C7128 /* UIKit.framework in Frameworks */ = {isa = PBXBuildFile; fileRef = ABFF4BEB1966A579000C7128 /* UIKit.framework */; };
		ABFF4BF41966A579000C7128 /* main.m in Sources */ = {isa = PBXBuildFile; fileRef = ABFF4BF31966A579000C7128 /* main.m */; };
		ABFF4BF81966A579000C7128 /* AppDelegate.m in Sources */ = {isa = PBXBuildFile; fileRef = ABFF4BF71966A579000C7128 /* AppDelegate.m */; };
		ABFF4BFA1966A579000C7128 /* Images.xcassets in Resources */ = {isa = PBXBuildFile; fileRef = ABFF4BF91966A579000C7128 /* Images.xcassets */; };
/* End PBXBuildFile section */

/* Begin PBXContainerItemProxy section */
		A8054EE9196DB9E6004CC80A /* PBXContainerItemProxy */ = {
			isa = PBXContainerItemProxy;
			containerPortal = ABFF4BD31966A3E7000C7128 /* Project object */;
			proxyType = 1;
			remoteGlobalIDString = ABFF4BE31966A579000C7128;
			remoteInfo = imem;
		};
		A836538F1997D81700147B72 /* PBXContainerItemProxy */ = {
			isa = PBXContainerItemProxy;
			containerPortal = ABFF4BD31966A3E7000C7128 /* Project object */;
			proxyType = 1;
			remoteGlobalIDString = A836537A1997D7F300147B72;
			remoteInfo = imemTweak;
		};
/* End PBXContainerItemProxy section */

/* Begin PBXFileReference section */
		3ECA1A66F9EB4AE3A23B64CB /* libPods.a */ = {isa = PBXFileReference; explicitFileType = archive.ar; includeInIndex = 0; path = libPods.a; sourceTree = BUILT_PRODUCTS_DIR; };
		A8054ED5196DB6E8004CC80A /* imemDaemon */ = {isa = PBXFileReference; explicitFileType = "compiled.mach-o.executable"; includeInIndex = 0; path = imemDaemon; sourceTree = BUILT_PRODUCTS_DIR; };
		A8054EDA196DB6E8004CC80A /* control.txt */ = {isa = PBXFileReference; lastKnownFileType = text; name = control.txt; path = Package/DEBIAN/control.txt; sourceTree = "<group>"; };
		A8054EDB196DB6E8004CC80A /* control */ = {isa = PBXFileReference; lastKnownFileType = text; name = control; path = Package/DEBIAN/control; sourceTree = "<group>"; };
		A8054EDD196DB6E8004CC80A /* PackageVersion.plist */ = {isa = PBXFileReference; lastKnownFileType = text.plist.xml; path = PackageVersion.plist; sourceTree = "<group>"; };
		A8054EDE196DB6E8004CC80A /* imemDaemon-Prefix.pch */ = {isa = PBXFileReference; lastKnownFileType = sourcecode.c.h; path = "imemDaemon-Prefix.pch"; sourceTree = "<group>"; };
		A8054EDF196DB6E8004CC80A /* main.m */ = {isa = PBXFileReference; lastKnownFileType = sourcecode.c.objc; path = main.m; sourceTree = "<group>"; };
		A8054EE4196DB6E8004CC80A /* postinst */ = {isa = PBXFileReference; lastKnownFileType = text.script.sh; name = postinst; path = Package/DEBIAN/postinst; sourceTree = "<group>"; };
		A8054EE5196DB6E8004CC80A /* prerm */ = {isa = PBXFileReference; lastKnownFileType = text.script.sh; name = prerm; path = Package/DEBIAN/prerm; sourceTree = "<group>"; };
		A80D3E7419855DE100F5CF2A /* GMMemoryAccessObject.h */ = {isa = PBXFileReference; fileEncoding = 4; lastKnownFileType = sourcecode.c.h; path = GMMemoryAccessObject.h; sourceTree = "<group>"; };
		A80D3E7519855DE100F5CF2A /* GMMemoryAccessObject.m */ = {isa = PBXFileReference; fileEncoding = 4; lastKnownFileType = sourcecode.c.objc; path = GMMemoryAccessObject.m; sourceTree = "<group>"; };
		A810E65F197ABA6800757554 /* GMModifyViewController.h */ = {isa = PBXFileReference; fileEncoding = 4; lastKnownFileType = sourcecode.c.h; path = GMModifyViewController.h; sourceTree = "<group>"; };
		A810E660197ABA6800757554 /* GMModifyViewController.m */ = {isa = PBXFileReference; fileEncoding = 4; lastKnownFileType = sourcecode.c.objc; path = GMModifyViewController.m; sourceTree = "<group>"; };
		A810E662197AC43B00757554 /* TextFieldTableViewCell.h */ = {isa = PBXFileReference; fileEncoding = 4; lastKnownFileType = sourcecode.c.h; name = TextFieldTableViewCell.h; path = imem/TextFieldTableViewCell.h; sourceTree = "<group>"; };
		A810E663197AC43B00757554 /* TextFieldTableViewCell.m */ = {isa = PBXFileReference; fileEncoding = 4; lastKnownFileType = sourcecode.c.objc; name = TextFieldTableViewCell.m; path = imem/TextFieldTableViewCell.m; sourceTree = "<group>"; };
		A810E668197AD97F00757554 /* PickerInputTableViewCell.h */ = {isa = PBXFileReference; fileEncoding = 4; lastKnownFileType = sourcecode.c.h; name = PickerInputTableViewCell.h; path = imem/PickerInputTableViewCell.h; sourceTree = "<group>"; };
		A810E669197AD97F00757554 /* PickerInputTableViewCell.m */ = {isa = PBXFileReference; fileEncoding = 4; lastKnownFileType = sourcecode.c.objc; name = PickerInputTableViewCell.m; path = imem/PickerInputTableViewCell.m; sourceTree = "<group>"; };
		A810E66A197AD97F00757554 /* SimplePickerInputTableViewCell.h */ = {isa = PBXFileReference; fileEncoding = 4; lastKnownFileType = sourcecode.c.h; name = SimplePickerInputTableViewCell.h; path = imem/SimplePickerInputTableViewCell.h; sourceTree = "<group>"; };
		A810E66B197AD97F00757554 /* SimplePickerInputTableViewCell.m */ = {isa = PBXFileReference; fileEncoding = 4; lastKnownFileType = sourcecode.c.objc; name = SimplePickerInputTableViewCell.m; path = imem/SimplePickerInputTableViewCell.m; sourceTree = "<group>"; };
		A81CD67619950C8C00B02034 /* M9BackgroundView.h */ = {isa = PBXFileReference; fileEncoding = 4; lastKnownFileType = sourcecode.c.h; path = M9BackgroundView.h; sourceTree = "<group>"; };
		A81CD67719950C8C00B02034 /* M9BackgroundView.m */ = {isa = PBXFileReference; fileEncoding = 4; lastKnownFileType = sourcecode.c.objc; path = M9BackgroundView.m; sourceTree = "<group>"; };
		A81CD67919950C8C00B02034 /* NSInvocation+.h */ = {isa = PBXFileReference; fileEncoding = 4; lastKnownFileType = sourcecode.c.h; path = "NSInvocation+.h"; sourceTree = "<group>"; };
		A81CD67A19950C8C00B02034 /* NSInvocation+.m */ = {isa = PBXFileReference; fileEncoding = 4; lastKnownFileType = sourcecode.c.objc; path = "NSInvocation+.m"; sourceTree = "<group>"; };
		A81CD67B19950C8C00B02034 /* TKActionSheet.h */ = {isa = PBXFileReference; fileEncoding = 4; lastKnownFileType = sourcecode.c.h; path = TKActionSheet.h; sourceTree = "<group>"; };
		A81CD67C19950C8C00B02034 /* TKActionSheet.m */ = {isa = PBXFileReference; fileEncoding = 4; lastKnownFileType = sourcecode.c.objc; path = TKActionSheet.m; sourceTree = "<group>"; };
		A81CD67D19950C8C00B02034 /* TKActionSheetOverlayWindow.h */ = {isa = PBXFileReference; fileEncoding = 4; lastKnownFileType = sourcecode.c.h; path = TKActionSheetOverlayWindow.h; sourceTree = "<group>"; };
		A81CD67E19950C8C00B02034 /* TKActionSheetOverlayWindow.m */ = {isa = PBXFileReference; fileEncoding = 4; lastKnownFileType = sourcecode.c.objc; path = TKActionSheetOverlayWindow.m; sourceTree = "<group>"; };
		A81CD67F19950C8C00B02034 /* TKAlertManager.h */ = {isa = PBXFileReference; fileEncoding = 4; lastKnownFileType = sourcecode.c.h; path = TKAlertManager.h; sourceTree = "<group>"; };
		A81CD68019950C8C00B02034 /* TKAlertManager.m */ = {isa = PBXFileReference; fileEncoding = 4; lastKnownFileType = sourcecode.c.objc; path = TKAlertManager.m; sourceTree = "<group>"; };
		A81CD68119950C8C00B02034 /* TKAlertOverlayWindow.h */ = {isa = PBXFileReference; fileEncoding = 4; lastKnownFileType = sourcecode.c.h; path = TKAlertOverlayWindow.h; sourceTree = "<group>"; };
		A81CD68219950C8C00B02034 /* TKAlertOverlayWindow.m */ = {isa = PBXFileReference; fileEncoding = 4; lastKnownFileType = sourcecode.c.objc; path = TKAlertOverlayWindow.m; sourceTree = "<group>"; };
		A81CD68319950C8C00B02034 /* TKAlertView.h */ = {isa = PBXFileReference; fileEncoding = 4; lastKnownFileType = sourcecode.c.h; path = TKAlertView.h; sourceTree = "<group>"; };
		A81CD68419950C8C00B02034 /* TKAlertView.m */ = {isa = PBXFileReference; fileEncoding = 4; lastKnownFileType = sourcecode.c.objc; path = TKAlertView.m; sourceTree = "<group>"; };
		A81CD68519950C8C00B02034 /* TKOverlayWindow.h */ = {isa = PBXFileReference; fileEncoding = 4; lastKnownFileType = sourcecode.c.h; path = TKOverlayWindow.h; sourceTree = "<group>"; };
		A81CD68619950C8C00B02034 /* TKOverlayWindow.m */ = {isa = PBXFileReference; fileEncoding = 4; lastKnownFileType = sourcecode.c.objc; path = TKOverlayWindow.m; sourceTree = "<group>"; };
		A81CD68719950C8C00B02034 /* UIImageExtend.h */ = {isa = PBXFileReference; fileEncoding = 4; lastKnownFileType = sourcecode.c.h; path = UIImageExtend.h; sourceTree = "<group>"; };
		A81CD68819950C8C00B02034 /* UIImageExtend.m */ = {isa = PBXFileReference; fileEncoding = 4; lastKnownFileType = sourcecode.c.objc; path = UIImageExtend.m; sourceTree = "<group>"; };
		A81CD68919950C8C00B02034 /* UIViewAdditions.h */ = {isa = PBXFileReference; fileEncoding = 4; lastKnownFileType = sourcecode.c.h; path = UIViewAdditions.h; sourceTree = "<group>"; };
		A81CD68A19950C8C00B02034 /* UIViewAdditions.m */ = {isa = PBXFileReference; fileEncoding = 4; lastKnownFileType = sourcecode.c.objc; path = UIViewAdditions.m; sourceTree = "<group>"; };
		A81E8099197D5FE500D3DF5E /* MAZeroingWeakRef.h */ = {isa = PBXFileReference; fileEncoding = 4; lastKnownFileType = sourcecode.c.h; name = MAZeroingWeakRef.h; path = imem/MAZeroingWeakRef.h; sourceTree = "<group>"; };
		A81E809A197D5FE500D3DF5E /* MAZeroingWeakRef.m */ = {isa = PBXFileReference; fileEncoding = 4; lastKnownFileType = sourcecode.c.objc; name = MAZeroingWeakRef.m; path = imem/MAZeroingWeakRef.m; sourceTree = "<group>"; };
		A81E809D197D601100D3DF5E /* MAZeroingWeakRefNativeZWRNotAllowedTable.h */ = {isa = PBXFileReference; fileEncoding = 4; lastKnownFileType = sourcecode.c.h; name = MAZeroingWeakRefNativeZWRNotAllowedTable.h; path = imem/MAZeroingWeakRefNativeZWRNotAllowedTable.h; sourceTree = "<group>"; };
		A820822C197FE7210081CF58 /* libapplist.dylib */ = {isa = PBXFileReference; lastKnownFileType = "compiled.mach-o.dylib"; path = libapplist.dylib; sourceTree = "<group>"; };
		A82B4423197BBD260098A6D4 /* GMKeyboard.h */ = {isa = PBXFileReference; fileEncoding = 4; lastKnownFileType = sourcecode.c.h; path = GMKeyboard.h; sourceTree = "<group>"; };
		A82B4424197BBD260098A6D4 /* GMKeyboard.m */ = {isa = PBXFileReference; fileEncoding = 4; lastKnownFileType = sourcecode.c.objc; path = GMKeyboard.m; sourceTree = "<group>"; };
		A82B4426197BBE5C0098A6D4 /* UIView+Sizes.h */ = {isa = PBXFileReference; fileEncoding = 4; lastKnownFileType = sourcecode.c.h; name = "UIView+Sizes.h"; path = "imem/UIView+Sizes.h"; sourceTree = "<group>"; };
		A82B4427197BBE5C0098A6D4 /* UIView+Sizes.m */ = {isa = PBXFileReference; fileEncoding = 4; lastKnownFileType = sourcecode.c.objc; name = "UIView+Sizes.m"; path = "imem/UIView+Sizes.m"; sourceTree = "<group>"; };
		A82B4429197BD4A60098A6D4 /* GMGridLinesTexturedView.h */ = {isa = PBXFileReference; fileEncoding = 4; lastKnownFileType = sourcecode.c.h; path = GMGridLinesTexturedView.h; sourceTree = "<group>"; };
		A82B442A197BD4A60098A6D4 /* GMGridLinesTexturedView.m */ = {isa = PBXFileReference; fileEncoding = 4; lastKnownFileType = sourcecode.c.objc; path = GMGridLinesTexturedView.m; sourceTree = "<group>"; };
		A836537B1997D7F300147B72 /* imemTweak.dylib */ = {isa = PBXFileReference; explicitFileType = "compiled.mach-o.dylib"; includeInIndex = 0; path = imemTweak.dylib; sourceTree = BUILT_PRODUCTS_DIR; };
		A83653801997D7F300147B72 /* control.txt */ = {isa = PBXFileReference; lastKnownFileType = text; name = control.txt; path = Package/DEBIAN/control.txt; sourceTree = "<group>"; };
		A83653811997D7F300147B72 /* control */ = {isa = PBXFileReference; lastKnownFileType = text; name = control; path = Package/DEBIAN/control; sourceTree = "<group>"; };
		A83653831997D7F300147B72 /* PackageVersion.plist */ = {isa = PBXFileReference; lastKnownFileType = text.plist.xml; path = PackageVersion.plist; sourceTree = "<group>"; };
		A83653841997D7F300147B72 /* imemTweak-Prefix.pch */ = {isa = PBXFileReference; lastKnownFileType = sourcecode.c.h; path = "imemTweak-Prefix.pch"; sourceTree = "<group>"; };
		A83653851997D7F300147B72 /* imemTweak.xm */ = {isa = PBXFileReference; lastKnownFileType = sourcecode.cpp.objcpp; path = imemTweak.xm; sourceTree = "<group>"; xcLanguageSpecificationIdentifier = xcode.lang.objcpp; };
		A83653861997D7F300147B72 /* imemTweak.mm */ = {isa = PBXFileReference; lastKnownFileType = sourcecode.cpp.objcpp; path = imemTweak.mm; sourceTree = "<group>"; };
		A836538B1997D7F300147B72 /* imemTweak.plist */ = {isa = PBXFileReference; lastKnownFileType = text.plist.xml; name = imemTweak.plist; path = Package/Library/MobileSubstrate/DynamicLibraries/imemTweak.plist; sourceTree = "<group>"; };
		A83653931997D8B000147B72 /* AppList.dylib */ = {isa = PBXFileReference; lastKnownFileType = "compiled.mach-o.dylib"; path = AppList.dylib; sourceTree = "<group>"; };
		A83653941997D8B000147B72 /* AppList.plist */ = {isa = PBXFileReference; lastKnownFileType = text.plist; path = AppList.plist; sourceTree = "<group>"; };
		A83653951997D8B000147B72 /* imemTweak.plist */ = {isa = PBXFileReference; lastKnownFileType = text.plist.xml; path = imemTweak.plist; sourceTree = "<group>"; };
		A83653961997D8B000147B72 /* RocketBootstrap.dylib */ = {isa = PBXFileReference; lastKnownFileType = "compiled.mach-o.dylib"; path = RocketBootstrap.dylib; sourceTree = "<group>"; };
		A83653971997D8B000147B72 /* RocketBootstrap.plist */ = {isa = PBXFileReference; lastKnownFileType = text.plist; path = RocketBootstrap.plist; sourceTree = "<group>"; };
		A83653981997D96500147B72 /* libsubstrate.dylib */ = {isa = PBXFileReference; lastKnownFileType = "compiled.mach-o.dylib"; name = libsubstrate.dylib; path = ../../../../opt/iOSOpenDev/lib/libsubstrate.dylib; sourceTree = "<group>"; };
		A836539C1997DAC200147B72 /* testTweak.m */ = {isa = PBXFileReference; fileEncoding = 4; lastKnownFileType = sourcecode.c.objc; path = testTweak.m; sourceTree = "<group>"; };
		A839D2D6196C2B2400E8E9F4 /* entitlements.plist */ = {isa = PBXFileReference; fileEncoding = 4; lastKnownFileType = text.plist.xml; path = entitlements.plist; sourceTree = "<group>"; };
		A839D2DA196C3A9200E8E9F4 /* libMatch.dylib */ = {isa = PBXFileReference; lastKnownFileType = "compiled.mach-o.dylib"; name = libMatch.dylib; path = usr/lib/libMatch.dylib; sourceTree = SDKROOT; };
		A839D2DC196C3A9D00E8E9F4 /* libMatch.1.dylib */ = {isa = PBXFileReference; lastKnownFileType = "compiled.mach-o.dylib"; name = libMatch.1.dylib; path = usr/lib/libMatch.1.dylib; sourceTree = SDKROOT; };
		A839D2DE196C3AA900E8E9F4 /* libmacho.dylib */ = {isa = PBXFileReference; lastKnownFileType = "compiled.mach-o.dylib"; name = libmacho.dylib; path = usr/lib/system/libmacho.dylib; sourceTree = SDKROOT; };
		A83F762E1976E7BC00C7EAE5 /* entitlements.plist */ = {isa = PBXFileReference; lastKnownFileType = text.plist.xml; path = entitlements.plist; sourceTree = "<group>"; };
		A8577E1419719AEC00A277D4 /* com.luobin.imemDaemon.plist */ = {isa = PBXFileReference; lastKnownFileType = text.plist.xml; path = com.luobin.imemDaemon.plist; sourceTree = "<group>"; };
		A86BC8861986863D000A417A /* GMAssociateViewController.h */ = {isa = PBXFileReference; fileEncoding = 4; lastKnownFileType = sourcecode.c.h; path = GMAssociateViewController.h; sourceTree = "<group>"; };
		A86BC8871986863D000A417A /* GMAssociateViewController.m */ = {isa = PBXFileReference; fileEncoding = 4; lastKnownFileType = sourcecode.c.objc; path = GMAssociateViewController.m; sourceTree = "<group>"; };
		A86FD1411975680000765F99 /* GMMemManager.h */ = {isa = PBXFileReference; fileEncoding = 4; lastKnownFileType = sourcecode.c.h; path = GMMemManager.h; sourceTree = "<group>"; };
		A86FD1421975680000765F99 /* GMMemManager.m */ = {isa = PBXFileReference; fileEncoding = 4; lastKnownFileType = sourcecode.c.objc; path = GMMemManager.m; sourceTree = "<group>"; };
		A86FD14A1975838900765F99 /* GMApplicationTableDataSource.m */ = {isa = PBXFileReference; fileEncoding = 4; lastKnownFileType = sourcecode.c.objc; path = GMApplicationTableDataSource.m; sourceTree = "<group>"; };
		A86FD14C1975839400765F99 /* GMApplicationTableDataSource.h */ = {isa = PBXFileReference; fileEncoding = 4; lastKnownFileType = sourcecode.c.h; path = GMApplicationTableDataSource.h; sourceTree = "<group>"; };
		A86FD14E1975858500765F99 /* libapplist.dylib */ = {isa = PBXFileReference; lastKnownFileType = "compiled.mach-o.dylib"; name = libapplist.dylib; path = ../../../../opt/iOSOpenDev/lib/libapplist.dylib; sourceTree = "<group>"; };
		A86FD1501976BD9200765F99 /* GMMemManagerProxy.h */ = {isa = PBXFileReference; fileEncoding = 4; lastKnownFileType = sourcecode.c.h; path = GMMemManagerProxy.h; sourceTree = "<group>"; };
		A86FD1511976BD9200765F99 /* GMMemManagerProxy.m */ = {isa = PBXFileReference; fileEncoding = 4; lastKnownFileType = sourcecode.c.objc; path = GMMemManagerProxy.m; sourceTree = "<group>"; };
		A86FD1531976C6E500765F99 /* Global.h */ = {isa = PBXFileReference; lastKnownFileType = sourcecode.c.h; path = Global.h; sourceTree = "<group>"; };
		A874478A19849CEC00A9544D /* GMLockThread.h */ = {isa = PBXFileReference; fileEncoding = 4; lastKnownFileType = sourcecode.c.h; path = GMLockThread.h; sourceTree = "<group>"; };
		A874478B19849CEC00A9544D /* GMLockThread.m */ = {isa = PBXFileReference; fileEncoding = 4; lastKnownFileType = sourcecode.c.objc; path = GMLockThread.m; sourceTree = "<group>"; };
		A87447921984B08F00A9544D /* GMStorageManager.h */ = {isa = PBXFileReference; fileEncoding = 4; lastKnownFileType = sourcecode.c.h; path = GMStorageManager.h; sourceTree = "<group>"; };
		A87447931984B08F00A9544D /* GMStorageManager.m */ = {isa = PBXFileReference; fileEncoding = 4; lastKnownFileType = sourcecode.c.objc; path = GMStorageManager.m; sourceTree = "<group>"; };
		A879A12D199E3E7C00A79D85 /* DynamicArray.h */ = {isa = PBXFileReference; fileEncoding = 4; lastKnownFileType = sourcecode.c.h; path = DynamicArray.h; sourceTree = "<group>"; };
		A879A12F199E3E8900A79D85 /* IntArray.c */ = {isa = PBXFileReference; fileEncoding = 4; lastKnownFileType = sourcecode.c.c; path = IntArray.c; sourceTree = "<group>"; };
		A879A130199E3E8900A79D85 /* IntArray.h */ = {isa = PBXFileReference; fileEncoding = 4; lastKnownFileType = sourcecode.c.h; path = IntArray.h; sourceTree = "<group>"; };
		A8A7416719680E6400131416 /* GMMainViewController.h */ = {isa = PBXFileReference; fileEncoding = 4; lastKnownFileType = sourcecode.c.h; path = GMMainViewController.h; sourceTree = "<group>"; };
		A8A7416819680E6400131416 /* GMMainViewController.m */ = {isa = PBXFileReference; fileEncoding = 4; lastKnownFileType = sourcecode.c.objc; path = GMMainViewController.m; sourceTree = "<group>"; };
		A8A7416D1968105C00131416 /* GMSelectAppViewController.h */ = {isa = PBXFileReference; fileEncoding = 4; lastKnownFileType = sourcecode.c.h; path = GMSelectAppViewController.h; sourceTree = "<group>"; };
		A8A7416E1968105C00131416 /* GMSelectAppViewController.m */ = {isa = PBXFileReference; fileEncoding = 4; lastKnownFileType = sourcecode.c.objc; path = GMSelectAppViewController.m; sourceTree = "<group>"; };
		A8BDC4211987DA2F00592935 /* LightMessaging.h */ = {isa = PBXFileReference; fileEncoding = 4; lastKnownFileType = sourcecode.c.h; path = LightMessaging.h; sourceTree = "<group>"; };
		A8D9058B197BE6F4001F22FF /* KeyboardNumericBackspace@2x.png */ = {isa = PBXFileReference; lastKnownFileType = image.png; path = "KeyboardNumericBackspace@2x.png"; sourceTree = "<group>"; };
		A8D9058D197BF4CE001F22FF /* GMStorageViewController.h */ = {isa = PBXFileReference; fileEncoding = 4; lastKnownFileType = sourcecode.c.h; path = GMStorageViewController.h; sourceTree = "<group>"; };
		A8D9058E197BF4CE001F22FF /* GMStorageViewController.m */ = {isa = PBXFileReference; fileEncoding = 4; lastKnownFileType = sourcecode.c.objc; path = GMStorageViewController.m; sourceTree = "<group>"; };
		A8DAE3A319953E6900B2010A /* TKTextFieldAlertView.h */ = {isa = PBXFileReference; fileEncoding = 4; lastKnownFileType = sourcecode.c.h; path = TKTextFieldAlertView.h; sourceTree = "<group>"; };
		A8DAE3A419953E6900B2010A /* TKTextFieldAlertView.m */ = {isa = PBXFileReference; fileEncoding = 4; lastKnownFileType = sourcecode.c.objc; path = TKTextFieldAlertView.m; sourceTree = "<group>"; };
		A8DAE3B819960BD100B2010A /* ConfigOptions.plist */ = {isa = PBXFileReference; fileEncoding = 4; lastKnownFileType = text.plist.xml; path = ConfigOptions.plist; sourceTree = "<group>"; };
		A8DAE3E51996130800B2010A /* GMSettingViewController.h */ = {isa = PBXFileReference; fileEncoding = 4; lastKnownFileType = sourcecode.c.h; path = GMSettingViewController.h; sourceTree = "<group>"; };
		A8DAE3E61996130800B2010A /* GMSettingViewController.m */ = {isa = PBXFileReference; fileEncoding = 4; lastKnownFileType = sourcecode.c.objc; path = GMSettingViewController.m; sourceTree = "<group>"; };
		A8DAE3EA1996132E00B2010A /* IASKAppSettingsViewController.h */ = {isa = PBXFileReference; fileEncoding = 4; lastKnownFileType = sourcecode.c.h; path = IASKAppSettingsViewController.h; sourceTree = "<group>"; };
		A8DAE3EB1996132E00B2010A /* IASKAppSettingsViewController.m */ = {isa = PBXFileReference; fileEncoding = 4; lastKnownFileType = sourcecode.c.objc; path = IASKAppSettingsViewController.m; sourceTree = "<group>"; };
		A8DAE3EC1996132E00B2010A /* IASKAppSettingsWebViewController.h */ = {isa = PBXFileReference; fileEncoding = 4; lastKnownFileType = sourcecode.c.h; path = IASKAppSettingsWebViewController.h; sourceTree = "<group>"; };
		A8DAE3ED1996132E00B2010A /* IASKAppSettingsWebViewController.m */ = {isa = PBXFileReference; fileEncoding = 4; lastKnownFileType = sourcecode.c.objc; path = IASKAppSettingsWebViewController.m; sourceTree = "<group>"; };
		A8DAE3EE1996132E00B2010A /* IASKSpecifierValuesViewController.h */ = {isa = PBXFileReference; fileEncoding = 4; lastKnownFileType = sourcecode.c.h; path = IASKSpecifierValuesViewController.h; sourceTree = "<group>"; };
		A8DAE3EF1996132E00B2010A /* IASKSpecifierValuesViewController.m */ = {isa = PBXFileReference; fileEncoding = 4; lastKnownFileType = sourcecode.c.objc; path = IASKSpecifierValuesViewController.m; sourceTree = "<group>"; };
		A8DAE3F01996132E00B2010A /* IASKViewController.h */ = {isa = PBXFileReference; fileEncoding = 4; lastKnownFileType = sourcecode.c.h; path = IASKViewController.h; sourceTree = "<group>"; };
		A8DAE3F21996132E00B2010A /* IASKSettingsReader.h */ = {isa = PBXFileReference; fileEncoding = 4; lastKnownFileType = sourcecode.c.h; path = IASKSettingsReader.h; sourceTree = "<group>"; };
		A8DAE3F31996132E00B2010A /* IASKSettingsReader.m */ = {isa = PBXFileReference; fileEncoding = 4; lastKnownFileType = sourcecode.c.objc; path = IASKSettingsReader.m; sourceTree = "<group>"; };
		A8DAE3F41996132E00B2010A /* IASKSettingsStore.h */ = {isa = PBXFileReference; fileEncoding = 4; lastKnownFileType = sourcecode.c.h; path = IASKSettingsStore.h; sourceTree = "<group>"; };
		A8DAE3F51996132E00B2010A /* IASKSettingsStore.m */ = {isa = PBXFileReference; fileEncoding = 4; lastKnownFileType = sourcecode.c.objc; path = IASKSettingsStore.m; sourceTree = "<group>"; };
		A8DAE3F61996132E00B2010A /* IASKSettingsStoreFile.h */ = {isa = PBXFileReference; fileEncoding = 4; lastKnownFileType = sourcecode.c.h; path = IASKSettingsStoreFile.h; sourceTree = "<group>"; };
		A8DAE3F71996132E00B2010A /* IASKSettingsStoreFile.m */ = {isa = PBXFileReference; fileEncoding = 4; lastKnownFileType = sourcecode.c.objc; path = IASKSettingsStoreFile.m; sourceTree = "<group>"; };
		A8DAE3F81996132E00B2010A /* IASKSettingsStoreUserDefaults.h */ = {isa = PBXFileReference; fileEncoding = 4; lastKnownFileType = sourcecode.c.h; path = IASKSettingsStoreUserDefaults.h; sourceTree = "<group>"; };
		A8DAE3F91996132E00B2010A /* IASKSettingsStoreUserDefaults.m */ = {isa = PBXFileReference; fileEncoding = 4; lastKnownFileType = sourcecode.c.objc; path = IASKSettingsStoreUserDefaults.m; sourceTree = "<group>"; };
		A8DAE3FA1996132E00B2010A /* IASKSpecifier.h */ = {isa = PBXFileReference; fileEncoding = 4; lastKnownFileType = sourcecode.c.h; path = IASKSpecifier.h; sourceTree = "<group>"; };
		A8DAE3FB1996132E00B2010A /* IASKSpecifier.m */ = {isa = PBXFileReference; fileEncoding = 4; lastKnownFileType = sourcecode.c.objc; path = IASKSpecifier.m; sourceTree = "<group>"; };
		A8DAE3FD1996132E00B2010A /* IASKPSSliderSpecifierViewCell.h */ = {isa = PBXFileReference; fileEncoding = 4; lastKnownFileType = sourcecode.c.h; path = IASKPSSliderSpecifierViewCell.h; sourceTree = "<group>"; };
		A8DAE3FE1996132E00B2010A /* IASKPSSliderSpecifierViewCell.m */ = {isa = PBXFileReference; fileEncoding = 4; lastKnownFileType = sourcecode.c.objc; path = IASKPSSliderSpecifierViewCell.m; sourceTree = "<group>"; };
		A8DAE3FF1996132E00B2010A /* IASKPSTextFieldSpecifierViewCell.h */ = {isa = PBXFileReference; fileEncoding = 4; lastKnownFileType = sourcecode.c.h; path = IASKPSTextFieldSpecifierViewCell.h; sourceTree = "<group>"; };
		A8DAE4001996132E00B2010A /* IASKPSTextFieldSpecifierViewCell.m */ = {isa = PBXFileReference; fileEncoding = 4; lastKnownFileType = sourcecode.c.objc; path = IASKPSTextFieldSpecifierViewCell.m; sourceTree = "<group>"; };
		A8DAE4011996132E00B2010A /* IASKPSTitleValueSpecifierViewCell.h */ = {isa = PBXFileReference; fileEncoding = 4; lastKnownFileType = sourcecode.c.h; path = IASKPSTitleValueSpecifierViewCell.h; sourceTree = "<group>"; };
		A8DAE4021996132E00B2010A /* IASKPSTitleValueSpecifierViewCell.m */ = {isa = PBXFileReference; fileEncoding = 4; lastKnownFileType = sourcecode.c.objc; path = IASKPSTitleValueSpecifierViewCell.m; sourceTree = "<group>"; };
		A8DAE4031996132E00B2010A /* IASKSlider.h */ = {isa = PBXFileReference; fileEncoding = 4; lastKnownFileType = sourcecode.c.h; path = IASKSlider.h; sourceTree = "<group>"; };
		A8DAE4041996132E00B2010A /* IASKSlider.m */ = {isa = PBXFileReference; fileEncoding = 4; lastKnownFileType = sourcecode.c.objc; path = IASKSlider.m; sourceTree = "<group>"; };
		A8DAE4051996132E00B2010A /* IASKSwitch.h */ = {isa = PBXFileReference; fileEncoding = 4; lastKnownFileType = sourcecode.c.h; path = IASKSwitch.h; sourceTree = "<group>"; };
		A8DAE4061996132E00B2010A /* IASKSwitch.m */ = {isa = PBXFileReference; fileEncoding = 4; lastKnownFileType = sourcecode.c.objc; path = IASKSwitch.m; sourceTree = "<group>"; };
		A8DAE4071996132E00B2010A /* IASKTextField.h */ = {isa = PBXFileReference; fileEncoding = 4; lastKnownFileType = sourcecode.c.h; path = IASKTextField.h; sourceTree = "<group>"; };
		A8DAE4081996132E00B2010A /* IASKTextField.m */ = {isa = PBXFileReference; fileEncoding = 4; lastKnownFileType = sourcecode.c.objc; path = IASKTextField.m; sourceTree = "<group>"; };
		A8DAE417199615FC00B2010A /* LightMessaging.m */ = {isa = PBXFileReference; fileEncoding = 4; lastKnownFileType = sourcecode.c.objc; path = LightMessaging.m; sourceTree = "<group>"; };
		A8DAE41919961A2B00B2010A /* Settings.bundle */ = {isa = PBXFileReference; lastKnownFileType = "wrapper.plug-in"; path = Settings.bundle; sourceTree = "<group>"; };
		A8DAE41B1996398800B2010A /* libMobClickLibrary.a */ = {isa = PBXFileReference; lastKnownFileType = archive.ar; name = libMobClickLibrary.a; path = lib/UMAnalytics_Sdk/libMobClickLibrary.a; sourceTree = "<group>"; };
		A8DAE41D19963F9C00B2010A /* libz.dylib */ = {isa = PBXFileReference; lastKnownFileType = "compiled.mach-o.dylib"; name = libz.dylib; path = usr/lib/libz.dylib; sourceTree = SDKROOT; };
		A8E3AB981983C0C800B6E4E6 /* GMSelectAppButton.h */ = {isa = PBXFileReference; fileEncoding = 4; lastKnownFileType = sourcecode.c.h; path = GMSelectAppButton.h; sourceTree = "<group>"; };
		A8E3AB991983C0C800B6E4E6 /* GMSelectAppButton.m */ = {isa = PBXFileReference; fileEncoding = 4; lastKnownFileType = sourcecode.c.objc; path = GMSelectAppButton.m; sourceTree = "<group>"; };
		A8E3AB9B1983E5E400B6E4E6 /* UIColor+iOS7Colors.h */ = {isa = PBXFileReference; fileEncoding = 4; lastKnownFileType = sourcecode.c.h; name = "UIColor+iOS7Colors.h"; path = "imem/UIColor+iOS7Colors.h"; sourceTree = "<group>"; };
		A8E3AB9C1983E5E400B6E4E6 /* UIColor+iOS7Colors.m */ = {isa = PBXFileReference; fileEncoding = 4; lastKnownFileType = sourcecode.c.objc; name = "UIColor+iOS7Colors.m"; path = "imem/UIColor+iOS7Colors.m"; sourceTree = "<group>"; };
		A8ED68EF198E805A000DDD3F /* LICENSE */ = {isa = PBXFileReference; fileEncoding = 4; lastKnownFileType = text; path = LICENSE; sourceTree = "<group>"; };
		A8ED68F0198E805A000DDD3F /* NSObject+Swizzle.h */ = {isa = PBXFileReference; fileEncoding = 4; lastKnownFileType = sourcecode.c.h; path = "NSObject+Swizzle.h"; sourceTree = "<group>"; };
		A8ED68F1198E805A000DDD3F /* NSObject+Swizzle.m */ = {isa = PBXFileReference; fileEncoding = 4; lastKnownFileType = sourcecode.c.objc; path = "NSObject+Swizzle.m"; sourceTree = "<group>"; };
		A8ED68F2198E805A000DDD3F /* TKFlowLayout.h */ = {isa = PBXFileReference; fileEncoding = 4; lastKnownFileType = sourcecode.c.h; path = TKFlowLayout.h; sourceTree = "<group>"; };
		A8ED68F3198E805A000DDD3F /* TKFlowLayout.m */ = {isa = PBXFileReference; fileEncoding = 4; lastKnownFileType = sourcecode.c.objc; path = TKFlowLayout.m; sourceTree = "<group>"; };
		A8ED68F4198E805A000DDD3F /* TKGridLayout.h */ = {isa = PBXFileReference; fileEncoding = 4; lastKnownFileType = sourcecode.c.h; path = TKGridLayout.h; sourceTree = "<group>"; };
		A8ED68F5198E805A000DDD3F /* TKGridLayout.m */ = {isa = PBXFileReference; fileEncoding = 4; lastKnownFileType = sourcecode.c.objc; path = TKGridLayout.m; sourceTree = "<group>"; };
		A8ED68F6198E805A000DDD3F /* TKGridLinesTexturedView.h */ = {isa = PBXFileReference; fileEncoding = 4; lastKnownFileType = sourcecode.c.h; path = TKGridLinesTexturedView.h; sourceTree = "<group>"; };
		A8ED68F7198E805A000DDD3F /* TKGridLinesTexturedView.m */ = {isa = PBXFileReference; fileEncoding = 4; lastKnownFileType = sourcecode.c.objc; path = TKGridLinesTexturedView.m; sourceTree = "<group>"; };
		A8ED68F8198E805A000DDD3F /* TKKeyboard.h */ = {isa = PBXFileReference; fileEncoding = 4; lastKnownFileType = sourcecode.c.h; path = TKKeyboard.h; sourceTree = "<group>"; };
		A8ED68F9198E805A000DDD3F /* TKKeyboard.m */ = {isa = PBXFileReference; fileEncoding = 4; lastKnownFileType = sourcecode.c.objc; path = TKKeyboard.m; sourceTree = "<group>"; };
		A8ED68FA198E805A000DDD3F /* TKKeyboardConfiguration.h */ = {isa = PBXFileReference; fileEncoding = 4; lastKnownFileType = sourcecode.c.h; path = TKKeyboardConfiguration.h; sourceTree = "<group>"; };
		A8ED68FB198E805A000DDD3F /* TKKeyboardConfiguration.m */ = {isa = PBXFileReference; fileEncoding = 4; lastKnownFileType = sourcecode.c.objc; path = TKKeyboardConfiguration.m; sourceTree = "<group>"; };
		A8ED68FC198E805A000DDD3F /* TKKeyboardManager.h */ = {isa = PBXFileReference; fileEncoding = 4; lastKnownFileType = sourcecode.c.h; path = TKKeyboardManager.h; sourceTree = "<group>"; };
		A8ED68FD198E805A000DDD3F /* TKKeyboardManager.m */ = {isa = PBXFileReference; fileEncoding = 4; lastKnownFileType = sourcecode.c.objc; path = TKKeyboardManager.m; sourceTree = "<group>"; };
		A8ED68FE198E805A000DDD3F /* TKKeyButton.h */ = {isa = PBXFileReference; fileEncoding = 4; lastKnownFileType = sourcecode.c.h; path = TKKeyButton.h; sourceTree = "<group>"; };
		A8ED68FF198E805A000DDD3F /* TKKeyButton.m */ = {isa = PBXFileReference; fileEncoding = 4; lastKnownFileType = sourcecode.c.objc; path = TKKeyButton.m; sourceTree = "<group>"; };
		A8ED6900198E805A000DDD3F /* TKKeyItem.h */ = {isa = PBXFileReference; fileEncoding = 4; lastKnownFileType = sourcecode.c.h; path = TKKeyItem.h; sourceTree = "<group>"; };
		A8ED6901198E805A000DDD3F /* TKKeyItem.m */ = {isa = PBXFileReference; fileEncoding = 4; lastKnownFileType = sourcecode.c.objc; path = TKKeyItem.m; sourceTree = "<group>"; };
		A8ED6902198E805A000DDD3F /* TKLayout.h */ = {isa = PBXFileReference; fileEncoding = 4; lastKnownFileType = sourcecode.c.h; path = TKLayout.h; sourceTree = "<group>"; };
		A8EFBFE61972D30D002E4A9B /* librocketbootstrap.dylib */ = {isa = PBXFileReference; lastKnownFileType = "compiled.mach-o.dylib"; name = librocketbootstrap.dylib; path = ../../../../opt/iOSOpenDev/lib/librocketbootstrap.dylib; sourceTree = "<group>"; };
		AB92CFB319866DA700695460 /* SearchDisplayController.h */ = {isa = PBXFileReference; fileEncoding = 4; lastKnownFileType = sourcecode.c.h; path = SearchDisplayController.h; sourceTree = "<group>"; };
		AB92CFB419866DA700695460 /* SearchDisplayController.m */ = {isa = PBXFileReference; fileEncoding = 4; lastKnownFileType = sourcecode.c.objc; path = SearchDisplayController.m; sourceTree = "<group>"; };
		AB967DDE199B14870086395F /* GMPersistentStoreController.h */ = {isa = PBXFileReference; fileEncoding = 4; lastKnownFileType = sourcecode.c.h; path = GMPersistentStoreController.h; sourceTree = "<group>"; };
		AB967DDF199B14870086395F /* GMPersistentStoreController.m */ = {isa = PBXFileReference; fileEncoding = 4; lastKnownFileType = sourcecode.c.objc; path = GMPersistentStoreController.m; sourceTree = "<group>"; };
		ABAE6B001999C97800A10BF8 /* time.m */ = {isa = PBXFileReference; fileEncoding = 4; lastKnownFileType = sourcecode.c.objc; path = time.m; sourceTree = "<group>"; };
		ABE39F92197FCBB0002E7678 /* darwin_memory_usage.c */ = {isa = PBXFileReference; fileEncoding = 4; lastKnownFileType = sourcecode.c.c; path = darwin_memory_usage.c; sourceTree = "<group>"; };
		ABE39F94197FCBBA002E7678 /* darwin_memory_usage.h */ = {isa = PBXFileReference; lastKnownFileType = sourcecode.c.h; path = darwin_memory_usage.h; sourceTree = "<group>"; };
		ABE39FD6197FCCAE002E7678 /* shared_region.h */ = {isa = PBXFileReference; fileEncoding = 4; lastKnownFileType = sourcecode.c.h; path = shared_region.h; sourceTree = "<group>"; };
		ABFF4BE41966A579000C7128 /* imem.app */ = {isa = PBXFileReference; explicitFileType = wrapper.application; includeInIndex = 0; path = imem.app; sourceTree = BUILT_PRODUCTS_DIR; };
		ABFF4BE71966A579000C7128 /* Foundation.framework */ = {isa = PBXFileReference; lastKnownFileType = wrapper.framework; name = Foundation.framework; path = System/Library/Frameworks/Foundation.framework; sourceTree = SDKROOT; };
		ABFF4BE91966A579000C7128 /* CoreGraphics.framework */ = {isa = PBXFileReference; lastKnownFileType = wrapper.framework; name = CoreGraphics.framework; path = System/Library/Frameworks/CoreGraphics.framework; sourceTree = SDKROOT; };
		ABFF4BEB1966A579000C7128 /* UIKit.framework */ = {isa = PBXFileReference; lastKnownFileType = wrapper.framework; name = UIKit.framework; path = System/Library/Frameworks/UIKit.framework; sourceTree = SDKROOT; };
		ABFF4BEF1966A579000C7128 /* imem-Info.plist */ = {isa = PBXFileReference; lastKnownFileType = text.plist.xml; path = "imem-Info.plist"; sourceTree = "<group>"; };
		ABFF4BF31966A579000C7128 /* main.m */ = {isa = PBXFileReference; lastKnownFileType = sourcecode.c.objc; path = main.m; sourceTree = "<group>"; };
		ABFF4BF51966A579000C7128 /* imem-Prefix.pch */ = {isa = PBXFileReference; lastKnownFileType = sourcecode.c.h; path = "imem-Prefix.pch"; sourceTree = "<group>"; };
		ABFF4BF61966A579000C7128 /* AppDelegate.h */ = {isa = PBXFileReference; lastKnownFileType = sourcecode.c.h; path = AppDelegate.h; sourceTree = "<group>"; };
		ABFF4BF71966A579000C7128 /* AppDelegate.m */ = {isa = PBXFileReference; lastKnownFileType = sourcecode.c.objc; path = AppDelegate.m; sourceTree = "<group>"; };
		ABFF4BF91966A579000C7128 /* Images.xcassets */ = {isa = PBXFileReference; lastKnownFileType = folder.assetcatalog; path = Images.xcassets; sourceTree = "<group>"; };
		ABFF4C001966A579000C7128 /* XCTest.framework */ = {isa = PBXFileReference; lastKnownFileType = wrapper.framework; name = XCTest.framework; path = Library/Frameworks/XCTest.framework; sourceTree = DEVELOPER_DIR; };
		D12E4C3196FD4C08BE93404A /* Pods.xcconfig */ = {isa = PBXFileReference; includeInIndex = 1; lastKnownFileType = text.xcconfig; name = Pods.xcconfig; path = Pods/Pods.xcconfig; sourceTree = "<group>"; };
/* End PBXFileReference section */

/* Begin PBXFrameworksBuildPhase section */
		A8054ED1196DB6E8004CC80A /* Frameworks */ = {
			isa = PBXFrameworksBuildPhase;
			buildActionMask = 2147483647;
			files = (
				A83653551997C04800147B72 /* libapplist.dylib in Frameworks */,
				A86FD14519756D8200765F99 /* librocketbootstrap.dylib in Frameworks */,
				A8054ED6196DB6E8004CC80A /* Foundation.framework in Frameworks */,
			);
			runOnlyForDeploymentPostprocessing = 0;
		};
		A83653771997D7F300147B72 /* Frameworks */ = {
			isa = PBXFrameworksBuildPhase;
			buildActionMask = 2147483647;
			files = (
				A83653991997D96500147B72 /* libsubstrate.dylib in Frameworks */,
				A836537C1997D7F300147B72 /* Foundation.framework in Frameworks */,
			);
			runOnlyForDeploymentPostprocessing = 0;
		};
		ABFF4BE11966A579000C7128 /* Frameworks */ = {
			isa = PBXFrameworksBuildPhase;
			buildActionMask = 2147483647;
			files = (
				A8DAE41E19963F9C00B2010A /* libz.dylib in Frameworks */,
				A8DAE41C1996398800B2010A /* libMobClickLibrary.a in Frameworks */,
				A820822E197FE7210081CF58 /* libapplist.dylib in Frameworks */,
				A86FD14F1975858500765F99 /* libapplist.dylib in Frameworks */,
				A8EFBFE71972D30D002E4A9B /* librocketbootstrap.dylib in Frameworks */,
				ABFF4BEA1966A579000C7128 /* CoreGraphics.framework in Frameworks */,
				ABFF4BEC1966A579000C7128 /* UIKit.framework in Frameworks */,
				ABFF4BE81966A579000C7128 /* Foundation.framework in Frameworks */,
				447B594FF8534C92B694C90C /* libPods.a in Frameworks */,
			);
			runOnlyForDeploymentPostprocessing = 0;
		};
/* End PBXFrameworksBuildPhase section */

/* Begin PBXGroup section */
		A8054ED7196DB6E8004CC80A /* imemDaemon */ = {
			isa = PBXGroup;
			children = (
				A8054EDF196DB6E8004CC80A /* main.m */,
				A86FD1411975680000765F99 /* GMMemManager.h */,
				A86FD1421975680000765F99 /* GMMemManager.m */,
				A87447921984B08F00A9544D /* GMStorageManager.h */,
				A87447931984B08F00A9544D /* GMStorageManager.m */,
				AB967DDE199B14870086395F /* GMPersistentStoreController.h */,
				AB967DDF199B14870086395F /* GMPersistentStoreController.m */,
				A874478A19849CEC00A9544D /* GMLockThread.h */,
				A874478B19849CEC00A9544D /* GMLockThread.m */,
				A80D3E7419855DE100F5CF2A /* GMMemoryAccessObject.h */,
				A80D3E7519855DE100F5CF2A /* GMMemoryAccessObject.m */,
				ABE39FD6197FCCAE002E7678 /* shared_region.h */,
				ABE39F94197FCBBA002E7678 /* darwin_memory_usage.h */,
				ABE39F92197FCBB0002E7678 /* darwin_memory_usage.c */,
				A8054ED8196DB6E8004CC80A /* Package */,
				A8054EDC196DB6E8004CC80A /* Supporting Files */,
			);
			path = imemDaemon;
			sourceTree = "<group>";
		};
		A8054ED8196DB6E8004CC80A /* Package */ = {
			isa = PBXGroup;
			children = (
				A8208228197FE7210081CF58 /* usr */,
				A8208225197FE71A0081CF58 /* Applications */,
				A8577E1219719AEC00A277D4 /* Library */,
				A8054ED9196DB6E8004CC80A /* DEBIAN */,
			);
			name = Package;
			sourceTree = "<group>";
		};
		A8054ED9196DB6E8004CC80A /* DEBIAN */ = {
			isa = PBXGroup;
			children = (
				A8054EDA196DB6E8004CC80A /* control.txt */,
				A8054EDB196DB6E8004CC80A /* control */,
				A8054EE4196DB6E8004CC80A /* postinst */,
				A8054EE5196DB6E8004CC80A /* prerm */,
			);
			name = DEBIAN;
			sourceTree = "<group>";
		};
		A8054EDC196DB6E8004CC80A /* Supporting Files */ = {
			isa = PBXGroup;
			children = (
				A8D9058B197BE6F4001F22FF /* KeyboardNumericBackspace@2x.png */,
				A83F762E1976E7BC00C7EAE5 /* entitlements.plist */,
				A8054EDD196DB6E8004CC80A /* PackageVersion.plist */,
				A8054EDE196DB6E8004CC80A /* imemDaemon-Prefix.pch */,
			);
			name = "Supporting Files";
			sourceTree = "<group>";
		};
		A81CD66A19950C8C00B02034 /* ActionSheetAndAlert */ = {
			isa = PBXGroup;
			children = (
				A81CD67619950C8C00B02034 /* M9BackgroundView.h */,
				A81CD67719950C8C00B02034 /* M9BackgroundView.m */,
				A81CD67919950C8C00B02034 /* NSInvocation+.h */,
				A81CD67A19950C8C00B02034 /* NSInvocation+.m */,
				A81CD67B19950C8C00B02034 /* TKActionSheet.h */,
				A81CD67C19950C8C00B02034 /* TKActionSheet.m */,
				A81CD67D19950C8C00B02034 /* TKActionSheetOverlayWindow.h */,
				A81CD67E19950C8C00B02034 /* TKActionSheetOverlayWindow.m */,
				A81CD67F19950C8C00B02034 /* TKAlertManager.h */,
				A81CD68019950C8C00B02034 /* TKAlertManager.m */,
				A81CD68119950C8C00B02034 /* TKAlertOverlayWindow.h */,
				A81CD68219950C8C00B02034 /* TKAlertOverlayWindow.m */,
				A8DAE3A319953E6900B2010A /* TKTextFieldAlertView.h */,
				A8DAE3A419953E6900B2010A /* TKTextFieldAlertView.m */,
				A81CD68319950C8C00B02034 /* TKAlertView.h */,
				A81CD68419950C8C00B02034 /* TKAlertView.m */,
				A81CD68519950C8C00B02034 /* TKOverlayWindow.h */,
				A81CD68619950C8C00B02034 /* TKOverlayWindow.m */,
				A81CD68719950C8C00B02034 /* UIImageExtend.h */,
				A81CD68819950C8C00B02034 /* UIImageExtend.m */,
				A81CD68919950C8C00B02034 /* UIViewAdditions.h */,
				A81CD68A19950C8C00B02034 /* UIViewAdditions.m */,
			);
			name = ActionSheetAndAlert;
			path = submodules/CustomActionSheetAndAlert/ActionSheetAndAlert;
			sourceTree = "<group>";
		};
		A8208225197FE71A0081CF58 /* Applications */ = {
			isa = PBXGroup;
			children = (
			);
			name = Applications;
			path = Package/Applications;
			sourceTree = "<group>";
		};
		A8208228197FE7210081CF58 /* usr */ = {
			isa = PBXGroup;
			children = (
				A8208229197FE7210081CF58 /* bin */,
				A820822B197FE7210081CF58 /* lib */,
			);
			name = usr;
			path = Package/usr;
			sourceTree = "<group>";
		};
		A8208229197FE7210081CF58 /* bin */ = {
			isa = PBXGroup;
			children = (
			);
			path = bin;
			sourceTree = "<group>";
		};
		A820822B197FE7210081CF58 /* lib */ = {
			isa = PBXGroup;
			children = (
				A820822C197FE7210081CF58 /* libapplist.dylib */,
			);
			path = lib;
			sourceTree = "<group>";
		};
		A836537D1997D7F300147B72 /* imemTweak */ = {
			isa = PBXGroup;
			children = (
				A83653851997D7F300147B72 /* imemTweak.xm */,
				A83653861997D7F300147B72 /* imemTweak.mm */,
				A836539C1997DAC200147B72 /* testTweak.m */,
				ABAE6B001999C97800A10BF8 /* time.m */,
				A836537E1997D7F300147B72 /* Package */,
				A83653821997D7F300147B72 /* Supporting Files */,
			);
			path = imemTweak;
			sourceTree = "<group>";
		};
		A836537E1997D7F300147B72 /* Package */ = {
			isa = PBXGroup;
			children = (
				A836537F1997D7F300147B72 /* DEBIAN */,
				A83653881997D7F300147B72 /* Library */,
			);
			name = Package;
			sourceTree = "<group>";
		};
		A836537F1997D7F300147B72 /* DEBIAN */ = {
			isa = PBXGroup;
			children = (
				A83653801997D7F300147B72 /* control.txt */,
				A83653811997D7F300147B72 /* control */,
			);
			name = DEBIAN;
			sourceTree = "<group>";
		};
		A83653821997D7F300147B72 /* Supporting Files */ = {
			isa = PBXGroup;
			children = (
				A83653831997D7F300147B72 /* PackageVersion.plist */,
				A83653841997D7F300147B72 /* imemTweak-Prefix.pch */,
			);
			name = "Supporting Files";
			sourceTree = "<group>";
		};
		A83653881997D7F300147B72 /* Library */ = {
			isa = PBXGroup;
			children = (
				A83653891997D7F300147B72 /* MobileSubstrate */,
			);
			name = Library;
			sourceTree = "<group>";
		};
		A83653891997D7F300147B72 /* MobileSubstrate */ = {
			isa = PBXGroup;
			children = (
				A836538A1997D7F300147B72 /* DynamicLibraries */,
			);
			name = MobileSubstrate;
			sourceTree = "<group>";
		};
		A836538A1997D7F300147B72 /* DynamicLibraries */ = {
			isa = PBXGroup;
			children = (
				A836538B1997D7F300147B72 /* imemTweak.plist */,
			);
			name = DynamicLibraries;
			sourceTree = "<group>";
		};
		A83653911997D8B000147B72 /* MobileSubstrate */ = {
			isa = PBXGroup;
			children = (
				A83653921997D8B000147B72 /* DynamicLibraries */,
			);
			path = MobileSubstrate;
			sourceTree = "<group>";
		};
		A83653921997D8B000147B72 /* DynamicLibraries */ = {
			isa = PBXGroup;
			children = (
				A83653931997D8B000147B72 /* AppList.dylib */,
				A83653941997D8B000147B72 /* AppList.plist */,
				A83653951997D8B000147B72 /* imemTweak.plist */,
				A83653961997D8B000147B72 /* RocketBootstrap.dylib */,
				A83653971997D8B000147B72 /* RocketBootstrap.plist */,
			);
			path = DynamicLibraries;
			sourceTree = "<group>";
		};
		A8577E1219719AEC00A277D4 /* Library */ = {
			isa = PBXGroup;
			children = (
				A83653911997D8B000147B72 /* MobileSubstrate */,
				A8577E1319719AEC00A277D4 /* LaunchDaemons */,
			);
			name = Library;
			path = Package/Library;
			sourceTree = "<group>";
		};
		A8577E1319719AEC00A277D4 /* LaunchDaemons */ = {
			isa = PBXGroup;
			children = (
				A8577E1419719AEC00A277D4 /* com.luobin.imemDaemon.plist */,
			);
			path = LaunchDaemons;
			sourceTree = "<group>";
		};
		A8BB145A198A7DBB00CEE1A2 /* TextField */ = {
			isa = PBXGroup;
			children = (
			);
			name = TextField;
			sourceTree = "<group>";
		};
		A8BDC4201987DA2300592935 /* Common */ = {
			isa = PBXGroup;
			children = (
				A8DAE3E81996132E00B2010A /* InAppSettingsKit */,
				A81CD66A19950C8C00B02034 /* ActionSheetAndAlert */,
				A8ED68EE198E805A000DDD3F /* TKKeyBoard */,
				A8BB145A198A7DBB00CEE1A2 /* TextField */,
				A810E662197AC43B00757554 /* TextFieldTableViewCell.h */,
				A810E663197AC43B00757554 /* TextFieldTableViewCell.m */,
				A810E668197AD97F00757554 /* PickerInputTableViewCell.h */,
				A810E669197AD97F00757554 /* PickerInputTableViewCell.m */,
				A8E3AB9B1983E5E400B6E4E6 /* UIColor+iOS7Colors.h */,
				A8E3AB9C1983E5E400B6E4E6 /* UIColor+iOS7Colors.m */,
				A82B4426197BBE5C0098A6D4 /* UIView+Sizes.h */,
				A82B4427197BBE5C0098A6D4 /* UIView+Sizes.m */,
				A810E66A197AD97F00757554 /* SimplePickerInputTableViewCell.h */,
				A810E66B197AD97F00757554 /* SimplePickerInputTableViewCell.m */,
				A81E809D197D601100D3DF5E /* MAZeroingWeakRefNativeZWRNotAllowedTable.h */,
				A81E8099197D5FE500D3DF5E /* MAZeroingWeakRef.h */,
				A81E809A197D5FE500D3DF5E /* MAZeroingWeakRef.m */,
				A879A12D199E3E7C00A79D85 /* DynamicArray.h */,
				A879A12F199E3E8900A79D85 /* IntArray.c */,
				A879A130199E3E8900A79D85 /* IntArray.h */,
				A8BDC4211987DA2F00592935 /* LightMessaging.h */,
				A8DAE417199615FC00B2010A /* LightMessaging.m */,
			);
			name = Common;
			sourceTree = "<group>";
		};
		A8DAE3E81996132E00B2010A /* InAppSettingsKit */ = {
			isa = PBXGroup;
			children = (
				A8DAE3E91996132E00B2010A /* Controllers */,
				A8DAE3F11996132E00B2010A /* Models */,
				A8DAE3FC1996132E00B2010A /* Views */,
			);
			name = InAppSettingsKit;
			path = submodules/InAppSettingsKit/InAppSettingsKit;
			sourceTree = "<group>";
		};
		A8DAE3E91996132E00B2010A /* Controllers */ = {
			isa = PBXGroup;
			children = (
				A8DAE3EA1996132E00B2010A /* IASKAppSettingsViewController.h */,
				A8DAE3EB1996132E00B2010A /* IASKAppSettingsViewController.m */,
				A8DAE3EC1996132E00B2010A /* IASKAppSettingsWebViewController.h */,
				A8DAE3ED1996132E00B2010A /* IASKAppSettingsWebViewController.m */,
				A8DAE3EE1996132E00B2010A /* IASKSpecifierValuesViewController.h */,
				A8DAE3EF1996132E00B2010A /* IASKSpecifierValuesViewController.m */,
				A8DAE3F01996132E00B2010A /* IASKViewController.h */,
			);
			path = Controllers;
			sourceTree = "<group>";
		};
		A8DAE3F11996132E00B2010A /* Models */ = {
			isa = PBXGroup;
			children = (
				A8DAE3F21996132E00B2010A /* IASKSettingsReader.h */,
				A8DAE3F31996132E00B2010A /* IASKSettingsReader.m */,
				A8DAE3F41996132E00B2010A /* IASKSettingsStore.h */,
				A8DAE3F51996132E00B2010A /* IASKSettingsStore.m */,
				A8DAE3F61996132E00B2010A /* IASKSettingsStoreFile.h */,
				A8DAE3F71996132E00B2010A /* IASKSettingsStoreFile.m */,
				A8DAE3F81996132E00B2010A /* IASKSettingsStoreUserDefaults.h */,
				A8DAE3F91996132E00B2010A /* IASKSettingsStoreUserDefaults.m */,
				A8DAE3FA1996132E00B2010A /* IASKSpecifier.h */,
				A8DAE3FB1996132E00B2010A /* IASKSpecifier.m */,
			);
			path = Models;
			sourceTree = "<group>";
		};
		A8DAE3FC1996132E00B2010A /* Views */ = {
			isa = PBXGroup;
			children = (
				A8DAE3FD1996132E00B2010A /* IASKPSSliderSpecifierViewCell.h */,
				A8DAE3FE1996132E00B2010A /* IASKPSSliderSpecifierViewCell.m */,
				A8DAE3FF1996132E00B2010A /* IASKPSTextFieldSpecifierViewCell.h */,
				A8DAE4001996132E00B2010A /* IASKPSTextFieldSpecifierViewCell.m */,
				A8DAE4011996132E00B2010A /* IASKPSTitleValueSpecifierViewCell.h */,
				A8DAE4021996132E00B2010A /* IASKPSTitleValueSpecifierViewCell.m */,
				A8DAE4031996132E00B2010A /* IASKSlider.h */,
				A8DAE4041996132E00B2010A /* IASKSlider.m */,
				A8DAE4051996132E00B2010A /* IASKSwitch.h */,
				A8DAE4061996132E00B2010A /* IASKSwitch.m */,
				A8DAE4071996132E00B2010A /* IASKTextField.h */,
				A8DAE4081996132E00B2010A /* IASKTextField.m */,
			);
			path = Views;
			sourceTree = "<group>";
		};
		A8ED68EE198E805A000DDD3F /* TKKeyBoard */ = {
			isa = PBXGroup;
			children = (
				A8ED68EF198E805A000DDD3F /* LICENSE */,
				A8ED68F0198E805A000DDD3F /* NSObject+Swizzle.h */,
				A8ED68F1198E805A000DDD3F /* NSObject+Swizzle.m */,
				A8ED68F2198E805A000DDD3F /* TKFlowLayout.h */,
				A8ED68F3198E805A000DDD3F /* TKFlowLayout.m */,
				A8ED68F4198E805A000DDD3F /* TKGridLayout.h */,
				A8ED68F5198E805A000DDD3F /* TKGridLayout.m */,
				A8ED68F6198E805A000DDD3F /* TKGridLinesTexturedView.h */,
				A8ED68F7198E805A000DDD3F /* TKGridLinesTexturedView.m */,
				A8ED68F8198E805A000DDD3F /* TKKeyboard.h */,
				A8ED68F9198E805A000DDD3F /* TKKeyboard.m */,
				A8ED68FA198E805A000DDD3F /* TKKeyboardConfiguration.h */,
				A8ED68FB198E805A000DDD3F /* TKKeyboardConfiguration.m */,
				A8ED68FC198E805A000DDD3F /* TKKeyboardManager.h */,
				A8ED68FD198E805A000DDD3F /* TKKeyboardManager.m */,
				A8ED68FE198E805A000DDD3F /* TKKeyButton.h */,
				A8ED68FF198E805A000DDD3F /* TKKeyButton.m */,
				A8ED6900198E805A000DDD3F /* TKKeyItem.h */,
				A8ED6901198E805A000DDD3F /* TKKeyItem.m */,
				A8ED6902198E805A000DDD3F /* TKLayout.h */,
			);
			name = TKKeyBoard;
			path = submodules/TKKeyBoard/TKKeyBoard;
			sourceTree = "<group>";
		};
		AB603382198A21CF000DA8AA /* Home */ = {
			isa = PBXGroup;
			children = (
				A8A7416719680E6400131416 /* GMMainViewController.h */,
				A8A7416819680E6400131416 /* GMMainViewController.m */,
				AB92CFB319866DA700695460 /* SearchDisplayController.h */,
				AB92CFB419866DA700695460 /* SearchDisplayController.m */,
				A86BC8861986863D000A417A /* GMAssociateViewController.h */,
				A86BC8871986863D000A417A /* GMAssociateViewController.m */,
				A82B4423197BBD260098A6D4 /* GMKeyboard.h */,
				A82B4424197BBD260098A6D4 /* GMKeyboard.m */,
				A82B4429197BD4A60098A6D4 /* GMGridLinesTexturedView.h */,
				A82B442A197BD4A60098A6D4 /* GMGridLinesTexturedView.m */,
				A86FD14C1975839400765F99 /* GMApplicationTableDataSource.h */,
				A86FD14A1975838900765F99 /* GMApplicationTableDataSource.m */,
				A8E3AB981983C0C800B6E4E6 /* GMSelectAppButton.h */,
				A8E3AB991983C0C800B6E4E6 /* GMSelectAppButton.m */,
				A8DAE3E51996130800B2010A /* GMSettingViewController.h */,
				A8DAE3E61996130800B2010A /* GMSettingViewController.m */,
			);
			name = Home;
			sourceTree = "<group>";
		};
		ABFF4BD21966A3E7000C7128 = {
			isa = PBXGroup;
			children = (
				ABFF4BED1966A579000C7128 /* imem */,
				A8054ED7196DB6E8004CC80A /* imemDaemon */,
				A836537D1997D7F300147B72 /* imemTweak */,
				A8BDC4201987DA2300592935 /* Common */,
				ABFF4BE61966A579000C7128 /* Frameworks */,
				ABFF4BE51966A579000C7128 /* Products */,
				D12E4C3196FD4C08BE93404A /* Pods.xcconfig */,
			);
			sourceTree = "<group>";
		};
		ABFF4BE51966A579000C7128 /* Products */ = {
			isa = PBXGroup;
			children = (
				ABFF4BE41966A579000C7128 /* imem.app */,
				A8054ED5196DB6E8004CC80A /* imemDaemon */,
				A836537B1997D7F300147B72 /* imemTweak.dylib */,
			);
			name = Products;
			sourceTree = "<group>";
		};
		ABFF4BE61966A579000C7128 /* Frameworks */ = {
			isa = PBXGroup;
			children = (
				A83653981997D96500147B72 /* libsubstrate.dylib */,
				A8DAE41D19963F9C00B2010A /* libz.dylib */,
				A8DAE41B1996398800B2010A /* libMobClickLibrary.a */,
				A86FD14E1975858500765F99 /* libapplist.dylib */,
				A8EFBFE61972D30D002E4A9B /* librocketbootstrap.dylib */,
				A839D2DE196C3AA900E8E9F4 /* libmacho.dylib */,
				A839D2DC196C3A9D00E8E9F4 /* libMatch.1.dylib */,
				A839D2DA196C3A9200E8E9F4 /* libMatch.dylib */,
				ABFF4BE71966A579000C7128 /* Foundation.framework */,
				ABFF4BE91966A579000C7128 /* CoreGraphics.framework */,
				ABFF4BEB1966A579000C7128 /* UIKit.framework */,
				ABFF4C001966A579000C7128 /* XCTest.framework */,
				3ECA1A66F9EB4AE3A23B64CB /* libPods.a */,
			);
			name = Frameworks;
			sourceTree = "<group>";
		};
		ABFF4BED1966A579000C7128 /* imem */ = {
			isa = PBXGroup;
			children = (
				ABFF4BF61966A579000C7128 /* AppDelegate.h */,
				ABFF4BF71966A579000C7128 /* AppDelegate.m */,
				AB603382198A21CF000DA8AA /* Home */,
				A8A7416D1968105C00131416 /* GMSelectAppViewController.h */,
				A8A7416E1968105C00131416 /* GMSelectAppViewController.m */,
				A810E65F197ABA6800757554 /* GMModifyViewController.h */,
				A810E660197ABA6800757554 /* GMModifyViewController.m */,
				A8D9058D197BF4CE001F22FF /* GMStorageViewController.h */,
				A8D9058E197BF4CE001F22FF /* GMStorageViewController.m */,
				A86FD1501976BD9200765F99 /* GMMemManagerProxy.h */,
				A86FD1511976BD9200765F99 /* GMMemManagerProxy.m */,
				A86FD1531976C6E500765F99 /* Global.h */,
				ABFF4BF91966A579000C7128 /* Images.xcassets */,
				ABFF4BEE1966A579000C7128 /* Supporting Files */,
			);
			path = imem;
			sourceTree = "<group>";
		};
		ABFF4BEE1966A579000C7128 /* Supporting Files */ = {
			isa = PBXGroup;
			children = (
				A8DAE41919961A2B00B2010A /* Settings.bundle */,
				ABFF4BEF1966A579000C7128 /* imem-Info.plist */,
				A839D2D6196C2B2400E8E9F4 /* entitlements.plist */,
				ABFF4BF31966A579000C7128 /* main.m */,
				ABFF4BF51966A579000C7128 /* imem-Prefix.pch */,
				A8DAE3B819960BD100B2010A /* ConfigOptions.plist */,
			);
			name = "Supporting Files";
			sourceTree = "<group>";
		};
/* End PBXGroup section */

/* Begin PBXHeadersBuildPhase section */
		A8054ED2196DB6E8004CC80A /* Headers */ = {
			isa = PBXHeadersBuildPhase;
			buildActionMask = 2147483647;
			files = (
				A879A12E199E3E7C00A79D85 /* DynamicArray.h in Headers */,
				ABE39FD7197FCCAE002E7678 /* shared_region.h in Headers */,
				A874478C19849CEC00A9544D /* GMLockThread.h in Headers */,
				A80D3E7619855DE100F5CF2A /* GMMemoryAccessObject.h in Headers */,
				A8BDC4221987DA2F00592935 /* LightMessaging.h in Headers */,
				A81E809E197D601100D3DF5E /* MAZeroingWeakRefNativeZWRNotAllowedTable.h in Headers */,
				A86FD1431975680000765F99 /* GMMemManager.h in Headers */,
				AB967DE0199B14870086395F /* GMPersistentStoreController.h in Headers */,
				A87447941984B08F00A9544D /* GMStorageManager.h in Headers */,
				A879A132199E3E8900A79D85 /* IntArray.h in Headers */,
				A86FD14D1975839400765F99 /* GMApplicationTableDataSource.h in Headers */,
			);
			runOnlyForDeploymentPostprocessing = 0;
		};
		A83653781997D7F300147B72 /* Headers */ = {
			isa = PBXHeadersBuildPhase;
			buildActionMask = 2147483647;
			files = (
			);
			runOnlyForDeploymentPostprocessing = 0;
		};
/* End PBXHeadersBuildPhase section */

/* Begin PBXNativeTarget section */
		A8054ED4196DB6E8004CC80A /* imemDaemon */ = {
			isa = PBXNativeTarget;
			buildConfigurationList = A8054EE8196DB6E8004CC80A /* Build configuration list for PBXNativeTarget "imemDaemon" */;
			buildPhases = (
				A8054ED0196DB6E8004CC80A /* Sources */,
				A8054ED1196DB6E8004CC80A /* Frameworks */,
				A8054ED2196DB6E8004CC80A /* Headers */,
				A8054ED3196DB6E8004CC80A /* ShellScript */,
				A86FD1541976E3DB00765F99 /* ShellScript */,
			);
			buildRules = (
			);
			dependencies = (
				A83653901997D81700147B72 /* PBXTargetDependency */,
				A8054EEA196DB9E6004CC80A /* PBXTargetDependency */,
			);
			name = imemDaemon;
			productName = imemXpcService;
			productReference = A8054ED5196DB6E8004CC80A /* imemDaemon */;
			productType = "com.apple.product-type.tool";
		};
		A836537A1997D7F300147B72 /* imemTweak */ = {
			isa = PBXNativeTarget;
			buildConfigurationList = A836538C1997D7F300147B72 /* Build configuration list for PBXNativeTarget "imemTweak" */;
			buildPhases = (
				A83653751997D7F300147B72 /* ShellScript */,
				A83653761997D7F300147B72 /* Sources */,
				A83653771997D7F300147B72 /* Frameworks */,
				A83653781997D7F300147B72 /* Headers */,
				AB1F94D51998CE6D00D5FBA9 /* ShellScript */,
			);
			buildRules = (
			);
			dependencies = (
			);
			name = imemTweak;
			productName = imemTweak;
			productReference = A836537B1997D7F300147B72 /* imemTweak.dylib */;
			productType = "com.apple.product-type.library.dynamic";
		};
		ABFF4BE31966A579000C7128 /* imem */ = {
			isa = PBXNativeTarget;
			buildConfigurationList = ABFF4C0E1966A579000C7128 /* Build configuration list for PBXNativeTarget "imem" */;
			buildPhases = (
				7C50675EDA514674B80192C5 /* Check Pods Manifest.lock */,
				ABFF4BE01966A579000C7128 /* Sources */,
				ABFF4BE11966A579000C7128 /* Frameworks */,
				ABFF4BE21966A579000C7128 /* Resources */,
				A810E65B1978170F00757554 /* ShellScript */,
				4C31EF7D54D542E9982EE3B8 /* Copy Pods Resources */,
			);
			buildRules = (
			);
			dependencies = (
			);
			name = imem;
			productName = GameMaster;
			productReference = ABFF4BE41966A579000C7128 /* imem.app */;
			productType = "com.apple.product-type.application";
		};
/* End PBXNativeTarget section */

/* Begin PBXProject section */
		ABFF4BD31966A3E7000C7128 /* Project object */ = {
			isa = PBXProject;
			attributes = {
				LastUpgradeCheck = 0510;
				TargetAttributes = {
					ABFF4BE31966A579000C7128 = {
						DevelopmentTeam = 4AW78593E8;
						SystemCapabilities = {
							com.apple.BackgroundModes = {
								enabled = 0;
							};
							com.apple.DataProtection = {
								enabled = 1;
							};
							com.apple.Keychain = {
								enabled = 0;
							};
							com.apple.iCloud = {
								enabled = 0;
							};
						};
					};
				};
			};
			buildConfigurationList = ABFF4BD61966A3E7000C7128 /* Build configuration list for PBXProject "imem" */;
			compatibilityVersion = "Xcode 3.2";
			developmentRegion = English;
			hasScannedForEncodings = 0;
			knownRegions = (
				en,
				"zh-Hans",
			);
			mainGroup = ABFF4BD21966A3E7000C7128;
			productRefGroup = ABFF4BE51966A579000C7128 /* Products */;
			projectDirPath = "";
			projectRoot = "";
			targets = (
				ABFF4BE31966A579000C7128 /* imem */,
				A8054ED4196DB6E8004CC80A /* imemDaemon */,
				A836537A1997D7F300147B72 /* imemTweak */,
			);
		};
/* End PBXProject section */

/* Begin PBXResourcesBuildPhase section */
		ABFF4BE21966A579000C7128 /* Resources */ = {
			isa = PBXResourcesBuildPhase;
			buildActionMask = 2147483647;
			files = (
				A8D9058C197BE6F4001F22FF /* KeyboardNumericBackspace@2x.png in Resources */,
				A839D2D7196C2B2400E8E9F4 /* entitlements.plist in Resources */,
				A8DAE41A19961A2B00B2010A /* Settings.bundle in Resources */,
				ABFF4BFA1966A579000C7128 /* Images.xcassets in Resources */,
				A8DAE3B919960BD100B2010A /* ConfigOptions.plist in Resources */,
			);
			runOnlyForDeploymentPostprocessing = 0;
		};
/* End PBXResourcesBuildPhase section */

/* Begin PBXShellScriptBuildPhase section */
		4C31EF7D54D542E9982EE3B8 /* Copy Pods Resources */ = {
			isa = PBXShellScriptBuildPhase;
			buildActionMask = 2147483647;
			files = (
			);
			inputPaths = (
			);
			name = "Copy Pods Resources";
			outputPaths = (
			);
			runOnlyForDeploymentPostprocessing = 0;
			shellPath = /bin/sh;
			shellScript = "\"${SRCROOT}/Pods/Pods-resources.sh\"\n";
			showEnvVarsInLog = 0;
		};
		7C50675EDA514674B80192C5 /* Check Pods Manifest.lock */ = {
			isa = PBXShellScriptBuildPhase;
			buildActionMask = 2147483647;
			files = (
			);
			inputPaths = (
			);
			name = "Check Pods Manifest.lock";
			outputPaths = (
			);
			runOnlyForDeploymentPostprocessing = 0;
			shellPath = /bin/sh;
			shellScript = "diff \"${PODS_ROOT}/../Podfile.lock\" \"${PODS_ROOT}/Manifest.lock\" > /dev/null\nif [[ $? != 0 ]] ; then\n    cat << EOM\nerror: The sandbox is not in sync with the Podfile.lock. Run 'pod install' or update your CocoaPods installation.\nEOM\n    exit 1\nfi\n";
			showEnvVarsInLog = 0;
		};
		A8054ED3196DB6E8004CC80A /* ShellScript */ = {
			isa = PBXShellScriptBuildPhase;
			buildActionMask = 2147483647;
			files = (
			);
			inputPaths = (
			);
			outputPaths = (
			);
			runOnlyForDeploymentPostprocessing = 0;
			shellPath = /bin/sh;
			shellScript = "/opt/iOSOpenDev/bin/iosod --xcbp";
		};
		A810E65B1978170F00757554 /* ShellScript */ = {
			isa = PBXShellScriptBuildPhase;
			buildActionMask = 2147483647;
			files = (
			);
			inputPaths = (
			);
			outputPaths = (
			);
			runOnlyForDeploymentPostprocessing = 0;
			shellPath = /bin/sh;
			shellScript = "dst=${SRCROOT}/imemDaemon/Package/Applications\nmkdir -p ${dst}\nsrc=${BUILT_PRODUCTS_DIR}/${WRAPPER_NAME}\ncp -Rf ${src} ${dst}";
		};
		A83653751997D7F300147B72 /* ShellScript */ = {
			isa = PBXShellScriptBuildPhase;
			buildActionMask = 2147483647;
			files = (
			);
			inputPaths = (
			);
			outputPaths = (
			);
			runOnlyForDeploymentPostprocessing = 0;
			shellPath = /bin/sh;
			shellScript = "/opt/iOSOpenDev/bin/iosod --xcbp-logos";
		};
		A86FD1541976E3DB00765F99 /* ShellScript */ = {
			isa = PBXShellScriptBuildPhase;
			buildActionMask = 2147483647;
			files = (
			);
			inputPaths = (
			);
			outputPaths = (
			);
			runOnlyForDeploymentPostprocessing = 0;
			shellPath = /bin/sh;
			shellScript = "dst=${SRCROOT}/imemDaemon/Package/usr/bin/imemDaemon\nentitPath=${SRCROOT}/imem/entitlements.plist\nldid -S${entitPath} ${dst}";
		};
		AB1F94D51998CE6D00D5FBA9 /* ShellScript */ = {
			isa = PBXShellScriptBuildPhase;
			buildActionMask = 2147483647;
			files = (
			);
			inputPaths = (
			);
			outputPaths = (
			);
			runOnlyForDeploymentPostprocessing = 0;
			shellPath = /bin/sh;
			shellScript = "dst=${SRCROOT}/imemDaemon/Package/Library/MobileSubstrate/DynamicLibraries\nmkdir -p ${dst}\nsrc=${BUILT_PRODUCTS_DIR}/imemTweak.dylib\ncp -Rf ${src} ${dst}";
		};
/* End PBXShellScriptBuildPhase section */

/* Begin PBXSourcesBuildPhase section */
		A8054ED0196DB6E8004CC80A /* Sources */ = {
			isa = PBXSourcesBuildPhase;
			buildActionMask = 2147483647;
			files = (
				AB967DE1199B14870086395F /* GMPersistentStoreController.m in Sources */,
				A81E809C197D600700D3DF5E /* MAZeroingWeakRef.m in Sources */,
				A83653A5199655EF00322899 /* LightMessaging.m in Sources */,
				A86FD1441975680000765F99 /* GMMemManager.m in Sources */,
				ABE39F93197FCBB0002E7678 /* darwin_memory_usage.c in Sources */,
				A8054EE0196DB6E8004CC80A /* main.m in Sources */,
				A87447951984B08F00A9544D /* GMStorageManager.m in Sources */,
				A879A131199E3E8900A79D85 /* IntArray.c in Sources */,
				A874478D19849CEC00A9544D /* GMLockThread.m in Sources */,
				A80D3E7819855DE100F5CF2A /* GMMemoryAccessObject.m in Sources */,
			);
			runOnlyForDeploymentPostprocessing = 0;
		};
		A83653761997D7F300147B72 /* Sources */ = {
			isa = PBXSourcesBuildPhase;
			buildActionMask = 2147483647;
			files = (
				ABAE6B011999C97800A10BF8 /* time.m in Sources */,
				A836539D1997DAC200147B72 /* testTweak.m in Sources */,
				A83653871997D7F300147B72 /* imemTweak.mm in Sources */,
			);
			runOnlyForDeploymentPostprocessing = 0;
		};
		ABFF4BE01966A579000C7128 /* Sources */ = {
			isa = PBXSourcesBuildPhase;
			buildActionMask = 2147483647;
			files = (
				A8DAE4101996132E00B2010A /* IASKSpecifier.m in Sources */,
				A8DAE4111996132E00B2010A /* IASKPSSliderSpecifierViewCell.m in Sources */,
				A8ED6904198E805A000DDD3F /* NSObject+Swizzle.m in Sources */,
				A810E66C197AD97F00757554 /* PickerInputTableViewCell.m in Sources */,
				A8A7416919680E6400131416 /* GMMainViewController.m in Sources */,
				A8D9058F197BF4CE001F22FF /* GMStorageViewController.m in Sources */,
				A81CD69619950C8C00B02034 /* NSInvocation+.m in Sources */,
				A8ED690B198E805A000DDD3F /* TKKeyButton.m in Sources */,
				A8DAE4121996132E00B2010A /* IASKPSTextFieldSpecifierViewCell.m in Sources */,
				A8DAE40C1996132E00B2010A /* IASKSettingsReader.m in Sources */,
				A8ED6907198E805A000DDD3F /* TKGridLinesTexturedView.m in Sources */,
				A8E3AB9D1983E5E400B6E4E6 /* UIColor+iOS7Colors.m in Sources */,
				A82B4425197BBD260098A6D4 /* GMKeyboard.m in Sources */,
				A81CD69A19950C8C00B02034 /* TKAlertOverlayWindow.m in Sources */,
				A8DAE40E1996132E00B2010A /* IASKSettingsStoreFile.m in Sources */,
				A81CD69D19950C8C00B02034 /* UIImageExtend.m in Sources */,
				A86FD14B1975838900765F99 /* GMApplicationTableDataSource.m in Sources */,
				A8DAE418199615FC00B2010A /* LightMessaging.m in Sources */,
				A8E3AB9A1983C0C800B6E4E6 /* GMSelectAppButton.m in Sources */,
				A810E66D197AD97F00757554 /* SimplePickerInputTableViewCell.m in Sources */,
				A81CD69B19950C8C00B02034 /* TKAlertView.m in Sources */,
				A8DAE40B1996132E00B2010A /* IASKSpecifierValuesViewController.m in Sources */,
				A8DAE40A1996132E00B2010A /* IASKAppSettingsWebViewController.m in Sources */,
				A80D3E7719855DE100F5CF2A /* GMMemoryAccessObject.m in Sources */,
				A8A7416F1968105C00131416 /* GMSelectAppViewController.m in Sources */,
				AB92CFB519866DA700695460 /* SearchDisplayController.m in Sources */,
				A8DAE4131996132E00B2010A /* IASKPSTitleValueSpecifierViewCell.m in Sources */,
				A81CD69419950C8C00B02034 /* M9BackgroundView.m in Sources */,
				A8DAE40F1996132E00B2010A /* IASKSettingsStoreUserDefaults.m in Sources */,
				A8ED6906198E805A000DDD3F /* TKGridLayout.m in Sources */,
				A8ED690A198E805A000DDD3F /* TKKeyboardManager.m in Sources */,
				ABFF4BF81966A579000C7128 /* AppDelegate.m in Sources */,
				A81CD69919950C8C00B02034 /* TKAlertManager.m in Sources */,
				A8DAE4091996132E00B2010A /* IASKAppSettingsViewController.m in Sources */,
				ABFF4BF41966A579000C7128 /* main.m in Sources */,
				A86BC8881986863D000A417A /* GMAssociateViewController.m in Sources */,
				A8DAE4151996132E00B2010A /* IASKSwitch.m in Sources */,
				A8DAE4161996132E00B2010A /* IASKTextField.m in Sources */,
				A82B4428197BBE5C0098A6D4 /* UIView+Sizes.m in Sources */,
				A8DAE40D1996132E00B2010A /* IASKSettingsStore.m in Sources */,
				A8ED6905198E805A000DDD3F /* TKFlowLayout.m in Sources */,
				A86FD1521976BD9200765F99 /* GMMemManagerProxy.m in Sources */,
				A82B442B197BD4A60098A6D4 /* GMGridLinesTexturedView.m in Sources */,
				A8ED6908198E805A000DDD3F /* TKKeyboard.m in Sources */,
				A8ED6909198E805A000DDD3F /* TKKeyboardConfiguration.m in Sources */,
				A8ED690C198E805A000DDD3F /* TKKeyItem.m in Sources */,
				A8DAE4141996132E00B2010A /* IASKSlider.m in Sources */,
				A810E661197ABA6800757554 /* GMModifyViewController.m in Sources */,
				A81CD69819950C8C00B02034 /* TKActionSheetOverlayWindow.m in Sources */,
				A81CD69E19950C8C00B02034 /* UIViewAdditions.m in Sources */,
				A81E809B197D5FE500D3DF5E /* MAZeroingWeakRef.m in Sources */,
				A8DAE3A519953E6900B2010A /* TKTextFieldAlertView.m in Sources */,
				A81CD69719950C8C00B02034 /* TKActionSheet.m in Sources */,
				A8DAE3E71996130800B2010A /* GMSettingViewController.m in Sources */,
				A810E664197AC43B00757554 /* TextFieldTableViewCell.m in Sources */,
				A81CD69C19950C8C00B02034 /* TKOverlayWindow.m in Sources */,
			);
			runOnlyForDeploymentPostprocessing = 0;
		};
/* End PBXSourcesBuildPhase section */

/* Begin PBXTargetDependency section */
		A8054EEA196DB9E6004CC80A /* PBXTargetDependency */ = {
			isa = PBXTargetDependency;
			target = ABFF4BE31966A579000C7128 /* imem */;
			targetProxy = A8054EE9196DB9E6004CC80A /* PBXContainerItemProxy */;
		};
		A83653901997D81700147B72 /* PBXTargetDependency */ = {
			isa = PBXTargetDependency;
			target = A836537A1997D7F300147B72 /* imemTweak */;
			targetProxy = A836538F1997D81700147B72 /* PBXContainerItemProxy */;
		};
/* End PBXTargetDependency section */

/* Begin XCBuildConfiguration section */
		A8054EE6196DB6E8004CC80A /* Debug */ = {
			isa = XCBuildConfiguration;
			buildSettings = {
				ARCHS = (
					armv7,
					armv7s,
				);
				CLANG_ENABLE_MODULES = YES;
				CODE_SIGN_ENTITLEMENTS = imemDaemon/entitlements.plist;
				CODE_SIGN_IDENTITY = "";
				COPY_PHASE_STRIP = NO;
				EXCLUDED_RECURSIVE_SEARCH_PATH_SUBDIRECTORIES = "*.nib *.lproj *.gch (*) .DS_Store CVS .svn .git .hg *.xcodeproj *.xcode *.pbproj *.pbxproj";
				FRAMEWORK_SEARCH_PATHS = (
					"$(iOSOpenDevPath)/frameworks/**",
					"$(SDKROOT)/System/Library/PrivateFrameworks",
				);
				GCC_C_LANGUAGE_STANDARD = gnu99;
				GCC_DYNAMIC_NO_PIC = NO;
				GCC_OPTIMIZATION_LEVEL = 0;
				GCC_PRECOMPILE_PREFIX_HEADER = YES;
				GCC_PREFIX_HEADER = "imemDaemon/imemDaemon-Prefix.pch";
				GCC_PREPROCESSOR_DEFINITIONS = (
					"DEBUG=1",
					"$(inherited)",
				);
				GCC_SYMBOLS_PRIVATE_EXTERN = NO;
				GCC_WARN_ABOUT_MISSING_PROTOTYPES = YES;
				GCC_WARN_ABOUT_RETURN_TYPE = YES;
				GCC_WARN_UNUSED_VARIABLE = YES;
				HEADER_SEARCH_PATHS = "$(iOSOpenDevPath)/include/**";
				INSTALL_PATH = /usr/bin;
				IPHONEOS_DEPLOYMENT_TARGET = 7.1;
				LIBRARY_SEARCH_PATHS = (
					"$(iOSOpenDevPath)/lib/**",
					/opt/iOSOpenDev/lib,
				);
				ONLY_ACTIVE_ARCH = YES;
				PRODUCT_NAME = "$(TARGET_NAME)";
				TARGETED_DEVICE_FAMILY = "1,2";
				VALIDATE_PRODUCT = NO;
				iOSOpenDevBuildPackageOnAnyBuild = NO;
				iOSOpenDevCopyOnBuild = NO;
				iOSOpenDevDevice = 10.2.146.236;
				iOSOpenDevInstallOnAnyBuild = NO;
				iOSOpenDevInstallOnProfiling = YES;
				iOSOpenDevPath = /opt/iOSOpenDev;
				iOSOpenDevRespringOnInstall = YES;
				iOSOpenDevUsePackageVersionPList = YES;
			};
			name = Debug;
		};
		A8054EE7196DB6E8004CC80A /* Release */ = {
			isa = XCBuildConfiguration;
			buildSettings = {
				ARCHS = (
					armv7,
					armv7s,
				);
				CLANG_ENABLE_MODULES = YES;
				CODE_SIGN_ENTITLEMENTS = imemDaemon/entitlements.plist;
				CODE_SIGN_IDENTITY = "";
				COPY_PHASE_STRIP = YES;
				EXCLUDED_RECURSIVE_SEARCH_PATH_SUBDIRECTORIES = "*.nib *.lproj *.gch (*) .DS_Store CVS .svn .git .hg *.xcodeproj *.xcode *.pbproj *.pbxproj";
				FRAMEWORK_SEARCH_PATHS = (
					"$(iOSOpenDevPath)/frameworks/**",
					"$(SDKROOT)/System/Library/PrivateFrameworks",
				);
				GCC_C_LANGUAGE_STANDARD = gnu99;
				GCC_PRECOMPILE_PREFIX_HEADER = YES;
				GCC_PREFIX_HEADER = "imemDaemon/imemDaemon-Prefix.pch";
				GCC_WARN_ABOUT_MISSING_PROTOTYPES = YES;
				GCC_WARN_ABOUT_RETURN_TYPE = YES;
				GCC_WARN_UNUSED_VARIABLE = YES;
				HEADER_SEARCH_PATHS = "$(iOSOpenDevPath)/include/**";
				INSTALL_PATH = /usr/bin;
				IPHONEOS_DEPLOYMENT_TARGET = 7.1;
				LIBRARY_SEARCH_PATHS = (
					"$(iOSOpenDevPath)/lib/**",
					/opt/iOSOpenDev/lib,
				);
				PRODUCT_NAME = "$(TARGET_NAME)";
				TARGETED_DEVICE_FAMILY = "1,2";
				VALIDATE_PRODUCT = YES;
				iOSOpenDevBuildPackageOnAnyBuild = NO;
				iOSOpenDevCopyOnBuild = NO;
				iOSOpenDevDevice = 10.2.146.236;
				iOSOpenDevInstallOnAnyBuild = NO;
				iOSOpenDevInstallOnProfiling = YES;
				iOSOpenDevPath = /opt/iOSOpenDev;
				iOSOpenDevRespringOnInstall = YES;
				iOSOpenDevUsePackageVersionPList = YES;
			};
			name = Release;
		};
		A836538D1997D7F300147B72 /* Debug */ = {
			isa = XCBuildConfiguration;
			buildSettings = {
				CLANG_ENABLE_MODULES = YES;
				CODE_SIGN_IDENTITY = "";
				COPY_PHASE_STRIP = NO;
				DYLIB_COMPATIBILITY_VERSION = 1;
				DYLIB_CURRENT_VERSION = 1;
				EXCLUDED_RECURSIVE_SEARCH_PATH_SUBDIRECTORIES = "*.nib *.lproj *.gch (*) .DS_Store CVS .svn .git .hg *.xcodeproj *.xcode *.pbproj *.pbxproj";
				FRAMEWORK_SEARCH_PATHS = (
					"$(iOSOpenDevPath)/frameworks/**",
					"$(SDKROOT)/System/Library/PrivateFrameworks",
				);
				GCC_C_LANGUAGE_STANDARD = gnu99;
				GCC_DYNAMIC_NO_PIC = NO;
				GCC_OPTIMIZATION_LEVEL = 0;
				GCC_PRECOMPILE_PREFIX_HEADER = YES;
				GCC_PREFIX_HEADER = "imemTweak/imemTweak-Prefix.pch";
				GCC_PREPROCESSOR_DEFINITIONS = (
					"DEBUG=1",
					"$(inherited)",
				);
				GCC_SYMBOLS_PRIVATE_EXTERN = NO;
				GCC_WARN_ABOUT_MISSING_PROTOTYPES = YES;
				GCC_WARN_ABOUT_RETURN_TYPE = YES;
				GCC_WARN_UNUSED_VARIABLE = YES;
				HEADER_SEARCH_PATHS = "$(iOSOpenDevPath)/include/**";
				INSTALL_PATH = /Library/MobileSubstrate/DynamicLibraries;
				IPHONEOS_DEPLOYMENT_TARGET = 7.1;
				LIBRARY_SEARCH_PATHS = (
					"$(iOSOpenDevPath)/lib/**",
					/opt/iOSOpenDev/lib,
				);
				ONLY_ACTIVE_ARCH = YES;
				PRODUCT_NAME = "$(TARGET_NAME)";
				TARGETED_DEVICE_FAMILY = "1,2";
				VALIDATE_PRODUCT = NO;
				iOSOpenDevBuildPackageOnAnyBuild = NO;
				iOSOpenDevCopyOnBuild = NO;
				iOSOpenDevDevice = "";
				iOSOpenDevInstallOnAnyBuild = NO;
				iOSOpenDevInstallOnProfiling = YES;
				iOSOpenDevPath = /opt/iOSOpenDev;
				iOSOpenDevRespringOnInstall = YES;
				iOSOpenDevUsePackageVersionPList = YES;
			};
			name = Debug;
		};
		A836538E1997D7F300147B72 /* Release */ = {
			isa = XCBuildConfiguration;
			buildSettings = {
				CLANG_ENABLE_MODULES = YES;
				CODE_SIGN_IDENTITY = "";
				COPY_PHASE_STRIP = YES;
				DYLIB_COMPATIBILITY_VERSION = 1;
				DYLIB_CURRENT_VERSION = 1;
				EXCLUDED_RECURSIVE_SEARCH_PATH_SUBDIRECTORIES = "*.nib *.lproj *.gch (*) .DS_Store CVS .svn .git .hg *.xcodeproj *.xcode *.pbproj *.pbxproj";
				FRAMEWORK_SEARCH_PATHS = (
					"$(iOSOpenDevPath)/frameworks/**",
					"$(SDKROOT)/System/Library/PrivateFrameworks",
				);
				GCC_C_LANGUAGE_STANDARD = gnu99;
				GCC_PRECOMPILE_PREFIX_HEADER = YES;
				GCC_PREFIX_HEADER = "imemTweak/imemTweak-Prefix.pch";
				GCC_WARN_ABOUT_MISSING_PROTOTYPES = YES;
				GCC_WARN_ABOUT_RETURN_TYPE = YES;
				GCC_WARN_UNUSED_VARIABLE = YES;
				HEADER_SEARCH_PATHS = "$(iOSOpenDevPath)/include/**";
				INSTALL_PATH = /Library/MobileSubstrate/DynamicLibraries;
				IPHONEOS_DEPLOYMENT_TARGET = 7.1;
				LIBRARY_SEARCH_PATHS = (
					"$(iOSOpenDevPath)/lib/**",
					/opt/iOSOpenDev/lib,
				);
				PRODUCT_NAME = "$(TARGET_NAME)";
				TARGETED_DEVICE_FAMILY = "1,2";
				VALIDATE_PRODUCT = YES;
				iOSOpenDevBuildPackageOnAnyBuild = NO;
				iOSOpenDevCopyOnBuild = NO;
				iOSOpenDevDevice = "";
				iOSOpenDevInstallOnAnyBuild = NO;
				iOSOpenDevInstallOnProfiling = YES;
				iOSOpenDevPath = /opt/iOSOpenDev;
				iOSOpenDevRespringOnInstall = YES;
				iOSOpenDevUsePackageVersionPList = YES;
			};
			name = Release;
		};
		ABFF4BD71966A3E7000C7128 /* Debug */ = {
			isa = XCBuildConfiguration;
			buildSettings = {
				CODE_SIGN_IDENTITY = "iPhone Developer";
				EXCLUDED_RECURSIVE_SEARCH_PATH_SUBDIRECTORIES = "*.nib *.lproj *.gch (*) .DS_Store CVS .svn .git .hg *.xcodeproj *.xcode *.pbproj *.pbxproj";
				HEADER_SEARCH_PATHS = "$(iOSOpenDevPath)/include/**";
				IPHONEOS_DEPLOYMENT_TARGET = 6.0;
				LIBRARY_SEARCH_PATHS = "$(iOSOpenDevPath)/lib/**";
				SDKROOT = iphoneos;
				iOSOpenDevPath = /opt/iOSOpenDev;
			};
			name = Debug;
		};
		ABFF4BD81966A3E7000C7128 /* Release */ = {
			isa = XCBuildConfiguration;
			buildSettings = {
				CODE_SIGN_IDENTITY = "iPhone Developer";
				EXCLUDED_RECURSIVE_SEARCH_PATH_SUBDIRECTORIES = "*.nib *.lproj *.gch (*) .DS_Store CVS .svn .git .hg *.xcodeproj *.xcode *.pbproj *.pbxproj";
				HEADER_SEARCH_PATHS = "$(iOSOpenDevPath)/include/**";
				IPHONEOS_DEPLOYMENT_TARGET = 6.0;
				LIBRARY_SEARCH_PATHS = "$(iOSOpenDevPath)/lib/**";
				SDKROOT = iphoneos;
				iOSOpenDevPath = /opt/iOSOpenDev;
			};
			name = Release;
		};
		ABFF4C0F1966A579000C7128 /* Debug */ = {
			isa = XCBuildConfiguration;
			baseConfigurationReference = D12E4C3196FD4C08BE93404A /* Pods.xcconfig */;
			buildSettings = {
				ALWAYS_SEARCH_USER_PATHS = NO;
				ARCHS = armv7;
				ASSETCATALOG_COMPILER_APPICON_NAME = AppIcon;
				ASSETCATALOG_COMPILER_LAUNCHIMAGE_NAME = LaunchImage;
				CLANG_CXX_LANGUAGE_STANDARD = "gnu++0x";
				CLANG_CXX_LIBRARY = "libc++";
				CLANG_ENABLE_MODULES = YES;
				CLANG_ENABLE_OBJC_ARC = NO;
				CLANG_WARN_BOOL_CONVERSION = YES;
				CLANG_WARN_CONSTANT_CONVERSION = YES;
				CLANG_WARN_DIRECT_OBJC_ISA_USAGE = YES_ERROR;
				CLANG_WARN_EMPTY_BODY = YES;
				CLANG_WARN_ENUM_CONVERSION = YES;
				CLANG_WARN_INT_CONVERSION = YES;
				CLANG_WARN_OBJC_ROOT_CLASS = YES_ERROR;
				CLANG_WARN__DUPLICATE_METHOD_MATCH = YES;
				CODE_SIGN_ENTITLEMENTS = "";
				CODE_SIGN_IDENTITY = "iPhone Developer";
				"CODE_SIGN_IDENTITY[sdk=iphoneos*]" = "iPhone Developer";
				COPY_PHASE_STRIP = NO;
				GCC_C_LANGUAGE_STANDARD = gnu99;
				GCC_DYNAMIC_NO_PIC = NO;
				GCC_OPTIMIZATION_LEVEL = 0;
				GCC_PRECOMPILE_PREFIX_HEADER = YES;
				GCC_PREFIX_HEADER = "imem/imem-Prefix.pch";
				GCC_PREPROCESSOR_DEFINITIONS = (
					"DEBUG=1",
					"$(inherited)",
				);
				GCC_SYMBOLS_PRIVATE_EXTERN = NO;
				GCC_WARN_64_TO_32_BIT_CONVERSION = YES;
				GCC_WARN_ABOUT_RETURN_TYPE = YES_ERROR;
				GCC_WARN_UNDECLARED_SELECTOR = YES;
				GCC_WARN_UNINITIALIZED_AUTOS = YES_AGGRESSIVE;
				GCC_WARN_UNUSED_FUNCTION = YES;
				GCC_WARN_UNUSED_VARIABLE = YES;
				HEADER_SEARCH_PATHS = (
					"$(iOSOpenDevPath)/include/**",
					lib/UMAnalytics_Sdk,
					/opt/theos/include,
				);
				INFOPLIST_FILE = "imem/imem-Info.plist";
				IPHONEOS_DEPLOYMENT_TARGET = 5.0;
				LIBRARY_SEARCH_PATHS = (
					"$(inherited)",
					"$(SDKROOT)/usr/lib/system",
					/opt/iOSOpenDev/lib,
					/opt/theos/lib,
					"$(PROJECT_DIR)/imemDaemon/Package/usr/lib",
					lib/UMAnalytics_Sdk,
					"$(PROJECT_DIR)/lib/UMAnalytics_Sdk",
				);
				ONLY_ACTIVE_ARCH = YES;
				PRODUCT_NAME = imem;
				PROVISIONING_PROFILE = "";
				TARGETED_DEVICE_FAMILY = "1,2";
				WRAPPER_EXTENSION = app;
				iOSOpenDevDevice = "";
				iOSOpenDevInstallOnProfiling = YES;
				iOSOpenDevRespringOnInstall = NO;
			};
			name = Debug;
		};
		ABFF4C101966A579000C7128 /* Release */ = {
			isa = XCBuildConfiguration;
			baseConfigurationReference = D12E4C3196FD4C08BE93404A /* Pods.xcconfig */;
			buildSettings = {
				ALWAYS_SEARCH_USER_PATHS = NO;
				ARCHS = armv7;
				ASSETCATALOG_COMPILER_APPICON_NAME = AppIcon;
				ASSETCATALOG_COMPILER_LAUNCHIMAGE_NAME = LaunchImage;
				CLANG_CXX_LANGUAGE_STANDARD = "gnu++0x";
				CLANG_CXX_LIBRARY = "libc++";
				CLANG_ENABLE_MODULES = YES;
				CLANG_ENABLE_OBJC_ARC = NO;
				CLANG_WARN_BOOL_CONVERSION = YES;
				CLANG_WARN_CONSTANT_CONVERSION = YES;
				CLANG_WARN_DIRECT_OBJC_ISA_USAGE = YES_ERROR;
				CLANG_WARN_EMPTY_BODY = YES;
				CLANG_WARN_ENUM_CONVERSION = YES;
				CLANG_WARN_INT_CONVERSION = YES;
				CLANG_WARN_OBJC_ROOT_CLASS = YES_ERROR;
				CLANG_WARN__DUPLICATE_METHOD_MATCH = YES;
				CODE_SIGN_ENTITLEMENTS = "";
				CODE_SIGN_IDENTITY = "iPhone Developer";
				"CODE_SIGN_IDENTITY[sdk=iphoneos*]" = "iPhone Developer";
				COPY_PHASE_STRIP = YES;
				ENABLE_NS_ASSERTIONS = NO;
				GCC_C_LANGUAGE_STANDARD = gnu99;
				GCC_PRECOMPILE_PREFIX_HEADER = YES;
				GCC_PREFIX_HEADER = "imem/imem-Prefix.pch";
				GCC_WARN_64_TO_32_BIT_CONVERSION = YES;
				GCC_WARN_ABOUT_RETURN_TYPE = YES_ERROR;
				GCC_WARN_UNDECLARED_SELECTOR = YES;
				GCC_WARN_UNINITIALIZED_AUTOS = YES_AGGRESSIVE;
				GCC_WARN_UNUSED_FUNCTION = YES;
				GCC_WARN_UNUSED_VARIABLE = YES;
				HEADER_SEARCH_PATHS = (
					"$(iOSOpenDevPath)/include/**",
					lib/UMAnalytics_Sdk,
					/opt/theos/include,
				);
				INFOPLIST_FILE = "imem/imem-Info.plist";
				IPHONEOS_DEPLOYMENT_TARGET = 5.0;
				LIBRARY_SEARCH_PATHS = (
					"$(inherited)",
					"$(SDKROOT)/usr/lib/system",
					/opt/iOSOpenDev/lib,
					/opt/theos/lib,
					"$(PROJECT_DIR)/imemDaemon/Package/usr/lib",
					lib/UMAnalytics_Sdk,
					"$(PROJECT_DIR)/lib/UMAnalytics_Sdk",
				);
				PRODUCT_NAME = imem;
				PROVISIONING_PROFILE = "";
				"PROVISIONING_PROFILE[sdk=iphoneos*]" = "";
				TARGETED_DEVICE_FAMILY = "1,2";
				VALIDATE_PRODUCT = YES;
				WRAPPER_EXTENSION = app;
				iOSOpenDevDevice = "";
				iOSOpenDevInstallOnProfiling = YES;
				iOSOpenDevRespringOnInstall = NO;
			};
			name = Release;
		};
/* End XCBuildConfiguration section */

/* Begin XCConfigurationList section */
		A8054EE8196DB6E8004CC80A /* Build configuration list for PBXNativeTarget "imemDaemon" */ = {
			isa = XCConfigurationList;
			buildConfigurations = (
				A8054EE6196DB6E8004CC80A /* Debug */,
				A8054EE7196DB6E8004CC80A /* Release */,
			);
			defaultConfigurationIsVisible = 0;
			defaultConfigurationName = Release;
		};
		A836538C1997D7F300147B72 /* Build configuration list for PBXNativeTarget "imemTweak" */ = {
			isa = XCConfigurationList;
			buildConfigurations = (
				A836538D1997D7F300147B72 /* Debug */,
				A836538E1997D7F300147B72 /* Release */,
			);
			defaultConfigurationIsVisible = 0;
			defaultConfigurationName = Release;
		};
		ABFF4BD61966A3E7000C7128 /* Build configuration list for PBXProject "imem" */ = {
			isa = XCConfigurationList;
			buildConfigurations = (
				ABFF4BD71966A3E7000C7128 /* Debug */,
				ABFF4BD81966A3E7000C7128 /* Release */,
			);
			defaultConfigurationIsVisible = 0;
			defaultConfigurationName = Release;
		};
		ABFF4C0E1966A579000C7128 /* Build configuration list for PBXNativeTarget "imem" */ = {
			isa = XCConfigurationList;
			buildConfigurations = (
				ABFF4C0F1966A579000C7128 /* Debug */,
				ABFF4C101966A579000C7128 /* Release */,
			);
			defaultConfigurationIsVisible = 0;
			defaultConfigurationName = Release;
		};
/* End XCConfigurationList section */
	};
	rootObject = ABFF4BD31966A3E7000C7128 /* Project object */;
}
